// !$*UTF8*$!
{
	archiveVersion = 1;
	classes = {
	};
	objectVersion = 52;
	objects = {

/* Begin PBXBuildFile section */
		1231CF4E2576448A00A86633 /* ModuleEnvironment.swift in Sources */ = {isa = PBXBuildFile; fileRef = 1231CF4D2576448A00A86633 /* ModuleEnvironment.swift */; };
		1231CF872576640200A86633 /* DesignKit.h in Headers */ = {isa = PBXBuildFile; fileRef = 1231CF852576640200A86633 /* DesignKit.h */; settings = {ATTRIBUTES = (Public, ); }; };
		1231CF8A2576640200A86633 /* DesignKit.framework in Frameworks */ = {isa = PBXBuildFile; fileRef = 1231CF832576640200A86633 /* DesignKit.framework */; };
		1231CF8B2576640200A86633 /* DesignKit.framework in Embed Frameworks */ = {isa = PBXBuildFile; fileRef = 1231CF832576640200A86633 /* DesignKit.framework */; settings = {ATTRIBUTES = (CodeSignOnCopy, RemoveHeadersOnCopy, ); }; };
		1231CF942576641300A86633 /* FontNameManager.swift in Sources */ = {isa = PBXBuildFile; fileRef = 12E04417253E0CA7002947B3 /* FontNameManager.swift */; };
		1231CFB525766B4500A86633 /* ColorNameManager.swift in Sources */ = {isa = PBXBuildFile; fileRef = 122F152D25682572005E483E /* ColorNameManager.swift */; };
		123F53A1252E150A00EE4927 /* TabBarView.swift in Sources */ = {isa = PBXBuildFile; fileRef = 123F53A0252E150A00EE4927 /* TabBarView.swift */; };
		123F53AB25391BAF00EE4927 /* PTSerif-Regular.ttf in Resources */ = {isa = PBXBuildFile; fileRef = 123F53AA25391B5D00EE4927 /* PTSerif-Regular.ttf */; };
		123F53AC25391BB300EE4927 /* PTSerif-BoldItalic.ttf in Resources */ = {isa = PBXBuildFile; fileRef = 123F53A825391B4E00EE4927 /* PTSerif-BoldItalic.ttf */; };
		123F53AD25391BB600EE4927 /* PTSerif-Italic.ttf in Resources */ = {isa = PBXBuildFile; fileRef = 123F53A925391B5600EE4927 /* PTSerif-Italic.ttf */; };
		123F53AE25391BB900EE4927 /* PTSerif-Bold.ttf in Resources */ = {isa = PBXBuildFile; fileRef = 123F53A725391B3B00EE4927 /* PTSerif-Bold.ttf */; };
		124568CD26A0774800BF107D /* AppEnvironment.swift in Sources */ = {isa = PBXBuildFile; fileRef = 124568CC26A0774800BF107D /* AppEnvironment.swift */; };
		124568DE26A6B4DA00BF107D /* SavingServiceKit.h in Headers */ = {isa = PBXBuildFile; fileRef = 124568DC26A6B4DA00BF107D /* SavingServiceKit.h */; settings = {ATTRIBUTES = (Public, ); }; };
		124568E126A6B4DB00BF107D /* SavingServiceKit.framework in Frameworks */ = {isa = PBXBuildFile; fileRef = 124568DA26A6B4D900BF107D /* SavingServiceKit.framework */; };
		124568E226A6B4DB00BF107D /* SavingServiceKit.framework in Embed Frameworks */ = {isa = PBXBuildFile; fileRef = 124568DA26A6B4D900BF107D /* SavingServiceKit.framework */; settings = {ATTRIBUTES = (CodeSignOnCopy, RemoveHeadersOnCopy, ); }; };
		124568E626A6B4F200BF107D /* SavableEntries.swift in Sources */ = {isa = PBXBuildFile; fileRef = 124568CF26A0794D00BF107D /* SavableEntries.swift */; };
		124568E726A6B4F700BF107D /* DataProvider.swift in Sources */ = {isa = PBXBuildFile; fileRef = 124568D126A07D2600BF107D /* DataProvider.swift */; };
		124568E826A6B54D00BF107D /* BedrockModels.framework in Frameworks */ = {isa = PBXBuildFile; fileRef = 1281DDF2257523F700D5C710 /* BedrockModels.framework */; };
		124568E926A6B54D00BF107D /* BedrockModels.framework in Embed Frameworks */ = {isa = PBXBuildFile; fileRef = 1281DDF2257523F700D5C710 /* BedrockModels.framework */; settings = {ATTRIBUTES = (CodeSignOnCopy, RemoveHeadersOnCopy, ); }; };
		124568ED26A6BEE600BF107D /* SavingServiceKit.framework in Frameworks */ = {isa = PBXBuildFile; fileRef = 124568DA26A6B4D900BF107D /* SavingServiceKit.framework */; };
		124568EE26A6BEE600BF107D /* SavingServiceKit.framework in Embed Frameworks */ = {isa = PBXBuildFile; fileRef = 124568DA26A6B4D900BF107D /* SavingServiceKit.framework */; settings = {ATTRIBUTES = (CodeSignOnCopy, RemoveHeadersOnCopy, ); }; };
		124568F326A7445500BF107D /* ModuleEnvironment.swift in Sources */ = {isa = PBXBuildFile; fileRef = 124568F226A7445500BF107D /* ModuleEnvironment.swift */; };
		126FC83624292921008600D4 /* AppDelegate.swift in Sources */ = {isa = PBXBuildFile; fileRef = 126FC83524292921008600D4 /* AppDelegate.swift */; };
		126FC83824292921008600D4 /* SceneDelegate.swift in Sources */ = {isa = PBXBuildFile; fileRef = 126FC83724292921008600D4 /* SceneDelegate.swift */; };
		126FC83D24292921008600D4 /* Main.storyboard in Resources */ = {isa = PBXBuildFile; fileRef = 126FC83B24292921008600D4 /* Main.storyboard */; };
		126FC83F24292922008600D4 /* Assets.xcassets in Resources */ = {isa = PBXBuildFile; fileRef = 126FC83E24292922008600D4 /* Assets.xcassets */; };
		126FC84224292922008600D4 /* LaunchScreen.storyboard in Resources */ = {isa = PBXBuildFile; fileRef = 126FC84024292922008600D4 /* LaunchScreen.storyboard */; };
		126FC84D24292922008600D4 /* CultivateMVPTests.swift in Sources */ = {isa = PBXBuildFile; fileRef = 126FC84C24292922008600D4 /* CultivateMVPTests.swift */; };
		1281DDAD2575211900D5C710 /* JournalingModule.framework in Frameworks */ = {isa = PBXBuildFile; fileRef = 1281DDA42575211900D5C710 /* JournalingModule.framework */; };
		1281DDB42575211900D5C710 /* JournalingModuleTests.swift in Sources */ = {isa = PBXBuildFile; fileRef = 1281DDB32575211900D5C710 /* JournalingModuleTests.swift */; };
		1281DDB62575211900D5C710 /* JournalingModule.h in Headers */ = {isa = PBXBuildFile; fileRef = 1281DDA62575211900D5C710 /* JournalingModule.h */; settings = {ATTRIBUTES = (Public, ); }; };
		1281DDB92575211900D5C710 /* JournalingModule.framework in Frameworks */ = {isa = PBXBuildFile; fileRef = 1281DDA42575211900D5C710 /* JournalingModule.framework */; };
		1281DDBA2575211900D5C710 /* JournalingModule.framework in Embed Frameworks */ = {isa = PBXBuildFile; fileRef = 1281DDA42575211900D5C710 /* JournalingModule.framework */; settings = {ATTRIBUTES = (CodeSignOnCopy, RemoveHeadersOnCopy, ); }; };
		1281DDC82575222F00D5C710 /* JournalingView.swift in Sources */ = {isa = PBXBuildFile; fileRef = 126FC85F242A94D5008600D4 /* JournalingView.swift */; };
		1281DDCC2575226000D5C710 /* JournalStartView.swift in Sources */ = {isa = PBXBuildFile; fileRef = 126FC85A24292AFE008600D4 /* JournalStartView.swift */; };
		1281DDD12575226C00D5C710 /* ModuleState.swift in Sources */ = {isa = PBXBuildFile; fileRef = 1281DDD02575226C00D5C710 /* ModuleState.swift */; };
		1281DDF6257523F700D5C710 /* BedrockModels.h in Headers */ = {isa = PBXBuildFile; fileRef = 1281DDF4257523F700D5C710 /* BedrockModels.h */; settings = {ATTRIBUTES = (Public, ); }; };
		1281DDF9257523F700D5C710 /* BedrockModels.framework in Frameworks */ = {isa = PBXBuildFile; fileRef = 1281DDF2257523F700D5C710 /* BedrockModels.framework */; };
		1281DDFA257523F700D5C710 /* BedrockModels.framework in Embed Frameworks */ = {isa = PBXBuildFile; fileRef = 1281DDF2257523F700D5C710 /* BedrockModels.framework */; settings = {ATTRIBUTES = (CodeSignOnCopy, RemoveHeadersOnCopy, ); }; };
		1281DE022575247000D5C710 /* JournalQuestionAnswer.swift in Sources */ = {isa = PBXBuildFile; fileRef = 124981C82434AE5C008CE4AF /* JournalQuestionAnswer.swift */; };
		1281DE072575247400D5C710 /* EntryHistory.swift in Sources */ = {isa = PBXBuildFile; fileRef = 12F7E1972523C15B001AD675 /* EntryHistory.swift */; };
		1281DE6B25752C6F00D5C710 /* ComposableArchitecture in Frameworks */ = {isa = PBXBuildFile; productRef = 1281DE6A25752C6F00D5C710 /* ComposableArchitecture */; };
		1281DE6C25752C9C00D5C710 /* BedrockModels.framework in Frameworks */ = {isa = PBXBuildFile; fileRef = 1281DDF2257523F700D5C710 /* BedrockModels.framework */; };
		12829834257E33EC00D37EFB /* BedrockModels.framework in Frameworks */ = {isa = PBXBuildFile; fileRef = 1281DDF2257523F700D5C710 /* BedrockModels.framework */; };
		12829835257E33EC00D37EFB /* BedrockModels.framework in Embed Frameworks */ = {isa = PBXBuildFile; fileRef = 1281DDF2257523F700D5C710 /* BedrockModels.framework */; settings = {ATTRIBUTES = (CodeSignOnCopy, RemoveHeadersOnCopy, ); }; };
		128299262582846A00D37EFB /* SingleEntryView.swift in Sources */ = {isa = PBXBuildFile; fileRef = 128299252582846A00D37EFB /* SingleEntryView.swift */; };
		1282997525877F0800D37EFB /* EntryDateFormatter.swift in Sources */ = {isa = PBXBuildFile; fileRef = 1282997425877F0800D37EFB /* EntryDateFormatter.swift */; };
		12AC5056257A7C17001FD962 /* EntryHistoryModule.framework in Frameworks */ = {isa = PBXBuildFile; fileRef = 12AC504D257A7C16001FD962 /* EntryHistoryModule.framework */; };
		12AC505D257A7C17001FD962 /* EntryHistoryModuleTests.swift in Sources */ = {isa = PBXBuildFile; fileRef = 12AC505C257A7C17001FD962 /* EntryHistoryModuleTests.swift */; };
		12AC505F257A7C17001FD962 /* EntryHistoryModule.h in Headers */ = {isa = PBXBuildFile; fileRef = 12AC504F257A7C17001FD962 /* EntryHistoryModule.h */; settings = {ATTRIBUTES = (Public, ); }; };
		12AC5062257A7C17001FD962 /* EntryHistoryModule.framework in Frameworks */ = {isa = PBXBuildFile; fileRef = 12AC504D257A7C16001FD962 /* EntryHistoryModule.framework */; };
		12AC5063257A7C17001FD962 /* EntryHistoryModule.framework in Embed Frameworks */ = {isa = PBXBuildFile; fileRef = 12AC504D257A7C16001FD962 /* EntryHistoryModule.framework */; settings = {ATTRIBUTES = (CodeSignOnCopy, RemoveHeadersOnCopy, ); }; };
		12CBAC5D24C1F08500395C40 /* Localizable.strings in Resources */ = {isa = PBXBuildFile; fileRef = 12CBAC5C24C1F08500395C40 /* Localizable.strings */; };
		12CBAC6024C1F63700395C40 /* Strings.swift in Sources */ = {isa = PBXBuildFile; fileRef = 12CBAC5F24C1F63700395C40 /* Strings.swift */; };
		12E04432253E1405002947B3 /* Montserrat-Italic.ttf in Resources */ = {isa = PBXBuildFile; fileRef = 12E04422253E1368002947B3 /* Montserrat-Italic.ttf */; };
		12E04433253E1408002947B3 /* Montserrat-Medium.ttf in Resources */ = {isa = PBXBuildFile; fileRef = 12E04425253E139B002947B3 /* Montserrat-Medium.ttf */; };
		12E04436253E1411002947B3 /* Montserrat-SemiBold.ttf in Resources */ = {isa = PBXBuildFile; fileRef = 12E04428253E13AE002947B3 /* Montserrat-SemiBold.ttf */; };
		12E04437253E1414002947B3 /* Montserrat-Bold.ttf in Resources */ = {isa = PBXBuildFile; fileRef = 12E0441C253E132D002947B3 /* Montserrat-Bold.ttf */; };
		12E04438253E1417002947B3 /* Montserrat-Regular.ttf in Resources */ = {isa = PBXBuildFile; fileRef = 12E04427253E13A8002947B3 /* Montserrat-Regular.ttf */; };
		12E04439253E141A002947B3 /* Montserrat-Thin.ttf in Resources */ = {isa = PBXBuildFile; fileRef = 12E0442A253E13BA002947B3 /* Montserrat-Thin.ttf */; };
		12E0443C253E1424002947B3 /* Montserrat-Light.ttf in Resources */ = {isa = PBXBuildFile; fileRef = 12E04423253E1370002947B3 /* Montserrat-Light.ttf */; };
		12E799A4257A80810047EB15 /* AppState.swift in Sources */ = {isa = PBXBuildFile; fileRef = 12E799A3257A80810047EB15 /* AppState.swift */; };
		12E799AD257A80C00047EB15 /* ModuleState.swift in Sources */ = {isa = PBXBuildFile; fileRef = 12E799AC257A80C00047EB15 /* ModuleState.swift */; };
		12E799BC257A80F40047EB15 /* EntryHistoryView.swift in Sources */ = {isa = PBXBuildFile; fileRef = 123F53A2252E15C500EE4927 /* EntryHistoryView.swift */; };
		34DDED36163B8049BBB9F0E5 /* Pods_CultivateMVP.framework in Frameworks */ = {isa = PBXBuildFile; fileRef = 1780C02D9E535EEE71D7CD77 /* Pods_CultivateMVP.framework */; };
		5A36006BFD80E357508F0CF8 /* Pods_CultivateMVPTests.framework in Frameworks */ = {isa = PBXBuildFile; fileRef = 965335E66036D71413C3D02B /* Pods_CultivateMVPTests.framework */; };
/* End PBXBuildFile section */

/* Begin PBXContainerItemProxy section */
		1231CF882576640200A86633 /* PBXContainerItemProxy */ = {
			isa = PBXContainerItemProxy;
			containerPortal = 126FC82A24292921008600D4 /* Project object */;
			proxyType = 1;
			remoteGlobalIDString = 1231CF822576640200A86633;
			remoteInfo = DesignKit;
		};
		1231CFA42576647C00A86633 /* PBXContainerItemProxy */ = {
			isa = PBXContainerItemProxy;
			containerPortal = 126FC82A24292921008600D4 /* Project object */;
			proxyType = 1;
			remoteGlobalIDString = 1231CF822576640200A86633;
			remoteInfo = DesignKit;
		};
		124568DF26A6B4DB00BF107D /* PBXContainerItemProxy */ = {
			isa = PBXContainerItemProxy;
			containerPortal = 126FC82A24292921008600D4 /* Project object */;
			proxyType = 1;
			remoteGlobalIDString = 124568D926A6B4D900BF107D;
			remoteInfo = SavingServiceKit;
		};
		124568EA26A6B54D00BF107D /* PBXContainerItemProxy */ = {
			isa = PBXContainerItemProxy;
			containerPortal = 126FC82A24292921008600D4 /* Project object */;
			proxyType = 1;
			remoteGlobalIDString = 1281DDF1257523F700D5C710;
			remoteInfo = BedrockModels;
		};
		124568EF26A6BEE600BF107D /* PBXContainerItemProxy */ = {
			isa = PBXContainerItemProxy;
			containerPortal = 126FC82A24292921008600D4 /* Project object */;
			proxyType = 1;
			remoteGlobalIDString = 124568D926A6B4D900BF107D;
			remoteInfo = SavingServiceKit;
		};
		126FC84924292922008600D4 /* PBXContainerItemProxy */ = {
			isa = PBXContainerItemProxy;
			containerPortal = 126FC82A24292921008600D4 /* Project object */;
			proxyType = 1;
			remoteGlobalIDString = 126FC83124292921008600D4;
			remoteInfo = CultivateMVP;
		};
		1281DDAE2575211900D5C710 /* PBXContainerItemProxy */ = {
			isa = PBXContainerItemProxy;
			containerPortal = 126FC82A24292921008600D4 /* Project object */;
			proxyType = 1;
			remoteGlobalIDString = 1281DDA32575211900D5C710;
			remoteInfo = JournalingModule;
		};
		1281DDB72575211900D5C710 /* PBXContainerItemProxy */ = {
			isa = PBXContainerItemProxy;
			containerPortal = 126FC82A24292921008600D4 /* Project object */;
			proxyType = 1;
			remoteGlobalIDString = 1281DDA32575211900D5C710;
			remoteInfo = JournalingModule;
		};
		1281DDF7257523F700D5C710 /* PBXContainerItemProxy */ = {
			isa = PBXContainerItemProxy;
			containerPortal = 126FC82A24292921008600D4 /* Project object */;
			proxyType = 1;
			remoteGlobalIDString = 1281DDF1257523F700D5C710;
			remoteInfo = BedrockModels;
		};
		12829836257E33EC00D37EFB /* PBXContainerItemProxy */ = {
			isa = PBXContainerItemProxy;
			containerPortal = 126FC82A24292921008600D4 /* Project object */;
			proxyType = 1;
			remoteGlobalIDString = 1281DDF1257523F700D5C710;
			remoteInfo = BedrockModels;
		};
		12AC5057257A7C17001FD962 /* PBXContainerItemProxy */ = {
			isa = PBXContainerItemProxy;
			containerPortal = 126FC82A24292921008600D4 /* Project object */;
			proxyType = 1;
			remoteGlobalIDString = 12AC504C257A7C16001FD962;
			remoteInfo = EntryHistoryModule;
		};
		12AC5060257A7C17001FD962 /* PBXContainerItemProxy */ = {
			isa = PBXContainerItemProxy;
			containerPortal = 126FC82A24292921008600D4 /* Project object */;
			proxyType = 1;
			remoteGlobalIDString = 12AC504C257A7C16001FD962;
			remoteInfo = EntryHistoryModule;
		};
/* End PBXContainerItemProxy section */

/* Begin PBXCopyFilesBuildPhase section */
		124568EC26A6B54D00BF107D /* Embed Frameworks */ = {
			isa = PBXCopyFilesBuildPhase;
			buildActionMask = 2147483647;
			dstPath = "";
			dstSubfolderSpec = 10;
			files = (
				124568E926A6B54D00BF107D /* BedrockModels.framework in Embed Frameworks */,
			);
			name = "Embed Frameworks";
			runOnlyForDeploymentPostprocessing = 0;
		};
		124568F126A6BEE600BF107D /* Embed Frameworks */ = {
			isa = PBXCopyFilesBuildPhase;
			buildActionMask = 2147483647;
			dstPath = "";
			dstSubfolderSpec = 10;
			files = (
				124568EE26A6BEE600BF107D /* SavingServiceKit.framework in Embed Frameworks */,
			);
			name = "Embed Frameworks";
			runOnlyForDeploymentPostprocessing = 0;
		};
		1281DDBE2575211900D5C710 /* Embed Frameworks */ = {
			isa = PBXCopyFilesBuildPhase;
			buildActionMask = 2147483647;
			dstPath = "";
			dstSubfolderSpec = 10;
			files = (
				1231CF8B2576640200A86633 /* DesignKit.framework in Embed Frameworks */,
				1281DDBA2575211900D5C710 /* JournalingModule.framework in Embed Frameworks */,
				12AC5063257A7C17001FD962 /* EntryHistoryModule.framework in Embed Frameworks */,
				1281DDFA257523F700D5C710 /* BedrockModels.framework in Embed Frameworks */,
				124568E226A6B4DB00BF107D /* SavingServiceKit.framework in Embed Frameworks */,
			);
			name = "Embed Frameworks";
			runOnlyForDeploymentPostprocessing = 0;
		};
		12829838257E33EC00D37EFB /* Embed Frameworks */ = {
			isa = PBXCopyFilesBuildPhase;
			buildActionMask = 2147483647;
			dstPath = "";
			dstSubfolderSpec = 10;
			files = (
				12829835257E33EC00D37EFB /* BedrockModels.framework in Embed Frameworks */,
			);
			name = "Embed Frameworks";
			runOnlyForDeploymentPostprocessing = 0;
		};
/* End PBXCopyFilesBuildPhase section */

/* Begin PBXFileReference section */
		122F152D25682572005E483E /* ColorNameManager.swift */ = {isa = PBXFileReference; lastKnownFileType = sourcecode.swift; path = ColorNameManager.swift; sourceTree = "<group>"; };
		1231CF4D2576448A00A86633 /* ModuleEnvironment.swift */ = {isa = PBXFileReference; lastKnownFileType = sourcecode.swift; path = ModuleEnvironment.swift; sourceTree = "<group>"; };
		1231CF832576640200A86633 /* DesignKit.framework */ = {isa = PBXFileReference; explicitFileType = wrapper.framework; includeInIndex = 0; path = DesignKit.framework; sourceTree = BUILT_PRODUCTS_DIR; };
		1231CF852576640200A86633 /* DesignKit.h */ = {isa = PBXFileReference; lastKnownFileType = sourcecode.c.h; path = DesignKit.h; sourceTree = "<group>"; };
		1231CF862576640200A86633 /* Info.plist */ = {isa = PBXFileReference; lastKnownFileType = text.plist.xml; path = Info.plist; sourceTree = "<group>"; };
		123F53A0252E150A00EE4927 /* TabBarView.swift */ = {isa = PBXFileReference; lastKnownFileType = sourcecode.swift; path = TabBarView.swift; sourceTree = "<group>"; };
		123F53A2252E15C500EE4927 /* EntryHistoryView.swift */ = {isa = PBXFileReference; lastKnownFileType = sourcecode.swift; path = EntryHistoryView.swift; sourceTree = "<group>"; };
		123F53A725391B3B00EE4927 /* PTSerif-Bold.ttf */ = {isa = PBXFileReference; lastKnownFileType = file; path = "PTSerif-Bold.ttf"; sourceTree = "<group>"; };
		123F53A825391B4E00EE4927 /* PTSerif-BoldItalic.ttf */ = {isa = PBXFileReference; lastKnownFileType = file; path = "PTSerif-BoldItalic.ttf"; sourceTree = "<group>"; };
		123F53A925391B5600EE4927 /* PTSerif-Italic.ttf */ = {isa = PBXFileReference; lastKnownFileType = file; path = "PTSerif-Italic.ttf"; sourceTree = "<group>"; };
		123F53AA25391B5D00EE4927 /* PTSerif-Regular.ttf */ = {isa = PBXFileReference; lastKnownFileType = file; path = "PTSerif-Regular.ttf"; sourceTree = "<group>"; };
		124568CC26A0774800BF107D /* AppEnvironment.swift */ = {isa = PBXFileReference; lastKnownFileType = sourcecode.swift; path = AppEnvironment.swift; sourceTree = "<group>"; };
		124568CF26A0794D00BF107D /* SavableEntries.swift */ = {isa = PBXFileReference; lastKnownFileType = sourcecode.swift; path = SavableEntries.swift; sourceTree = "<group>"; };
		124568D126A07D2600BF107D /* DataProvider.swift */ = {isa = PBXFileReference; lastKnownFileType = sourcecode.swift; path = DataProvider.swift; sourceTree = "<group>"; };
		124568DA26A6B4D900BF107D /* SavingServiceKit.framework */ = {isa = PBXFileReference; explicitFileType = wrapper.framework; includeInIndex = 0; path = SavingServiceKit.framework; sourceTree = BUILT_PRODUCTS_DIR; };
		124568DC26A6B4DA00BF107D /* SavingServiceKit.h */ = {isa = PBXFileReference; lastKnownFileType = sourcecode.c.h; path = SavingServiceKit.h; sourceTree = "<group>"; };
		124568DD26A6B4DA00BF107D /* Info.plist */ = {isa = PBXFileReference; lastKnownFileType = text.plist.xml; path = Info.plist; sourceTree = "<group>"; };
		124568F226A7445500BF107D /* ModuleEnvironment.swift */ = {isa = PBXFileReference; lastKnownFileType = sourcecode.swift; path = ModuleEnvironment.swift; sourceTree = "<group>"; };
		124981C82434AE5C008CE4AF /* JournalQuestionAnswer.swift */ = {isa = PBXFileReference; lastKnownFileType = sourcecode.swift; path = JournalQuestionAnswer.swift; sourceTree = "<group>"; };
		126FC83224292921008600D4 /* CultivateMVP.app */ = {isa = PBXFileReference; explicitFileType = wrapper.application; includeInIndex = 0; path = CultivateMVP.app; sourceTree = BUILT_PRODUCTS_DIR; };
		126FC83524292921008600D4 /* AppDelegate.swift */ = {isa = PBXFileReference; lastKnownFileType = sourcecode.swift; path = AppDelegate.swift; sourceTree = "<group>"; };
		126FC83724292921008600D4 /* SceneDelegate.swift */ = {isa = PBXFileReference; lastKnownFileType = sourcecode.swift; path = SceneDelegate.swift; sourceTree = "<group>"; };
		126FC83C24292921008600D4 /* Base */ = {isa = PBXFileReference; lastKnownFileType = file.storyboard; name = Base; path = Base.lproj/Main.storyboard; sourceTree = "<group>"; };
		126FC83E24292922008600D4 /* Assets.xcassets */ = {isa = PBXFileReference; lastKnownFileType = folder.assetcatalog; path = Assets.xcassets; sourceTree = "<group>"; };
		126FC84124292922008600D4 /* Base */ = {isa = PBXFileReference; lastKnownFileType = file.storyboard; name = Base; path = Base.lproj/LaunchScreen.storyboard; sourceTree = "<group>"; };
		126FC84324292922008600D4 /* Info.plist */ = {isa = PBXFileReference; lastKnownFileType = text.plist.xml; path = Info.plist; sourceTree = "<group>"; };
		126FC84824292922008600D4 /* CultivateMVPTests.xctest */ = {isa = PBXFileReference; explicitFileType = wrapper.cfbundle; includeInIndex = 0; path = CultivateMVPTests.xctest; sourceTree = BUILT_PRODUCTS_DIR; };
		126FC84C24292922008600D4 /* CultivateMVPTests.swift */ = {isa = PBXFileReference; lastKnownFileType = sourcecode.swift; path = CultivateMVPTests.swift; sourceTree = "<group>"; };
		126FC84E24292922008600D4 /* Info.plist */ = {isa = PBXFileReference; lastKnownFileType = text.plist.xml; path = Info.plist; sourceTree = "<group>"; };
		126FC85A24292AFE008600D4 /* JournalStartView.swift */ = {isa = PBXFileReference; lastKnownFileType = sourcecode.swift; path = JournalStartView.swift; sourceTree = "<group>"; };
		126FC85F242A94D5008600D4 /* JournalingView.swift */ = {isa = PBXFileReference; lastKnownFileType = sourcecode.swift; path = JournalingView.swift; sourceTree = "<group>"; };
		1281DDA42575211900D5C710 /* JournalingModule.framework */ = {isa = PBXFileReference; explicitFileType = wrapper.framework; includeInIndex = 0; path = JournalingModule.framework; sourceTree = BUILT_PRODUCTS_DIR; };
		1281DDA62575211900D5C710 /* JournalingModule.h */ = {isa = PBXFileReference; lastKnownFileType = sourcecode.c.h; path = JournalingModule.h; sourceTree = "<group>"; };
		1281DDA72575211900D5C710 /* Info.plist */ = {isa = PBXFileReference; lastKnownFileType = text.plist.xml; path = Info.plist; sourceTree = "<group>"; };
		1281DDAC2575211900D5C710 /* JournalingModuleTests.xctest */ = {isa = PBXFileReference; explicitFileType = wrapper.cfbundle; includeInIndex = 0; path = JournalingModuleTests.xctest; sourceTree = BUILT_PRODUCTS_DIR; };
		1281DDB32575211900D5C710 /* JournalingModuleTests.swift */ = {isa = PBXFileReference; lastKnownFileType = sourcecode.swift; path = JournalingModuleTests.swift; sourceTree = "<group>"; };
		1281DDB52575211900D5C710 /* Info.plist */ = {isa = PBXFileReference; lastKnownFileType = text.plist.xml; path = Info.plist; sourceTree = "<group>"; };
		1281DDD02575226C00D5C710 /* ModuleState.swift */ = {isa = PBXFileReference; lastKnownFileType = sourcecode.swift; path = ModuleState.swift; sourceTree = "<group>"; };
		1281DDF2257523F700D5C710 /* BedrockModels.framework */ = {isa = PBXFileReference; explicitFileType = wrapper.framework; includeInIndex = 0; path = BedrockModels.framework; sourceTree = BUILT_PRODUCTS_DIR; };
		1281DDF4257523F700D5C710 /* BedrockModels.h */ = {isa = PBXFileReference; lastKnownFileType = sourcecode.c.h; path = BedrockModels.h; sourceTree = "<group>"; };
		1281DDF5257523F700D5C710 /* Info.plist */ = {isa = PBXFileReference; lastKnownFileType = text.plist.xml; path = Info.plist; sourceTree = "<group>"; };
		128299252582846A00D37EFB /* SingleEntryView.swift */ = {isa = PBXFileReference; lastKnownFileType = sourcecode.swift; path = SingleEntryView.swift; sourceTree = "<group>"; };
		1282997425877F0800D37EFB /* EntryDateFormatter.swift */ = {isa = PBXFileReference; lastKnownFileType = sourcecode.swift; path = EntryDateFormatter.swift; sourceTree = "<group>"; };
		12AC504D257A7C16001FD962 /* EntryHistoryModule.framework */ = {isa = PBXFileReference; explicitFileType = wrapper.framework; includeInIndex = 0; path = EntryHistoryModule.framework; sourceTree = BUILT_PRODUCTS_DIR; };
		12AC504F257A7C17001FD962 /* EntryHistoryModule.h */ = {isa = PBXFileReference; lastKnownFileType = sourcecode.c.h; path = EntryHistoryModule.h; sourceTree = "<group>"; };
		12AC5050257A7C17001FD962 /* Info.plist */ = {isa = PBXFileReference; lastKnownFileType = text.plist.xml; path = Info.plist; sourceTree = "<group>"; };
		12AC5055257A7C17001FD962 /* EntryHistoryModuleTests.xctest */ = {isa = PBXFileReference; explicitFileType = wrapper.cfbundle; includeInIndex = 0; path = EntryHistoryModuleTests.xctest; sourceTree = BUILT_PRODUCTS_DIR; };
		12AC505C257A7C17001FD962 /* EntryHistoryModuleTests.swift */ = {isa = PBXFileReference; lastKnownFileType = sourcecode.swift; path = EntryHistoryModuleTests.swift; sourceTree = "<group>"; };
		12AC505E257A7C17001FD962 /* Info.plist */ = {isa = PBXFileReference; lastKnownFileType = text.plist.xml; path = Info.plist; sourceTree = "<group>"; };
		12CBAC5C24C1F08500395C40 /* Localizable.strings */ = {isa = PBXFileReference; lastKnownFileType = text.plist.strings; path = Localizable.strings; sourceTree = "<group>"; };
		12CBAC5F24C1F63700395C40 /* Strings.swift */ = {isa = PBXFileReference; fileEncoding = 4; lastKnownFileType = sourcecode.swift; path = Strings.swift; sourceTree = "<group>"; };
		12E04417253E0CA7002947B3 /* FontNameManager.swift */ = {isa = PBXFileReference; lastKnownFileType = sourcecode.swift; path = FontNameManager.swift; sourceTree = "<group>"; };
		12E0441C253E132D002947B3 /* Montserrat-Bold.ttf */ = {isa = PBXFileReference; lastKnownFileType = file; path = "Montserrat-Bold.ttf"; sourceTree = "<group>"; };
		12E04422253E1368002947B3 /* Montserrat-Italic.ttf */ = {isa = PBXFileReference; lastKnownFileType = file; path = "Montserrat-Italic.ttf"; sourceTree = "<group>"; };
		12E04423253E1370002947B3 /* Montserrat-Light.ttf */ = {isa = PBXFileReference; lastKnownFileType = file; path = "Montserrat-Light.ttf"; sourceTree = "<group>"; };
		12E04425253E139B002947B3 /* Montserrat-Medium.ttf */ = {isa = PBXFileReference; lastKnownFileType = file; path = "Montserrat-Medium.ttf"; sourceTree = "<group>"; };
		12E04427253E13A8002947B3 /* Montserrat-Regular.ttf */ = {isa = PBXFileReference; lastKnownFileType = file; path = "Montserrat-Regular.ttf"; sourceTree = "<group>"; };
		12E04428253E13AE002947B3 /* Montserrat-SemiBold.ttf */ = {isa = PBXFileReference; lastKnownFileType = file; path = "Montserrat-SemiBold.ttf"; sourceTree = "<group>"; };
		12E0442A253E13BA002947B3 /* Montserrat-Thin.ttf */ = {isa = PBXFileReference; lastKnownFileType = file; path = "Montserrat-Thin.ttf"; sourceTree = "<group>"; };
		12E799A3257A80810047EB15 /* AppState.swift */ = {isa = PBXFileReference; lastKnownFileType = sourcecode.swift; path = AppState.swift; sourceTree = "<group>"; };
		12E799AC257A80C00047EB15 /* ModuleState.swift */ = {isa = PBXFileReference; lastKnownFileType = sourcecode.swift; path = ModuleState.swift; sourceTree = "<group>"; };
		12F7E1972523C15B001AD675 /* EntryHistory.swift */ = {isa = PBXFileReference; lastKnownFileType = sourcecode.swift; path = EntryHistory.swift; sourceTree = "<group>"; };
		1780C02D9E535EEE71D7CD77 /* Pods_CultivateMVP.framework */ = {isa = PBXFileReference; explicitFileType = wrapper.framework; includeInIndex = 0; path = Pods_CultivateMVP.framework; sourceTree = BUILT_PRODUCTS_DIR; };
		965335E66036D71413C3D02B /* Pods_CultivateMVPTests.framework */ = {isa = PBXFileReference; explicitFileType = wrapper.framework; includeInIndex = 0; path = Pods_CultivateMVPTests.framework; sourceTree = BUILT_PRODUCTS_DIR; };
		AC92723F1CF0CD2378C37B4D /* Pods-CultivateMVPTests.release.xcconfig */ = {isa = PBXFileReference; includeInIndex = 1; lastKnownFileType = text.xcconfig; name = "Pods-CultivateMVPTests.release.xcconfig"; path = "Target Support Files/Pods-CultivateMVPTests/Pods-CultivateMVPTests.release.xcconfig"; sourceTree = "<group>"; };
		B262438C5D81DEC456057D1C /* Pods-CultivateMVP.debug.xcconfig */ = {isa = PBXFileReference; includeInIndex = 1; lastKnownFileType = text.xcconfig; name = "Pods-CultivateMVP.debug.xcconfig"; path = "Target Support Files/Pods-CultivateMVP/Pods-CultivateMVP.debug.xcconfig"; sourceTree = "<group>"; };
		F969DC2D5FC692DA13F856DF /* Pods-CultivateMVP.release.xcconfig */ = {isa = PBXFileReference; includeInIndex = 1; lastKnownFileType = text.xcconfig; name = "Pods-CultivateMVP.release.xcconfig"; path = "Target Support Files/Pods-CultivateMVP/Pods-CultivateMVP.release.xcconfig"; sourceTree = "<group>"; };
		FE61B78FEC87CD618A4A966F /* Pods-CultivateMVPTests.debug.xcconfig */ = {isa = PBXFileReference; includeInIndex = 1; lastKnownFileType = text.xcconfig; name = "Pods-CultivateMVPTests.debug.xcconfig"; path = "Target Support Files/Pods-CultivateMVPTests/Pods-CultivateMVPTests.debug.xcconfig"; sourceTree = "<group>"; };
/* End PBXFileReference section */

/* Begin PBXFrameworksBuildPhase section */
		1231CF802576640200A86633 /* Frameworks */ = {
			isa = PBXFrameworksBuildPhase;
			buildActionMask = 2147483647;
			files = (
			);
			runOnlyForDeploymentPostprocessing = 0;
		};
		124568D726A6B4D900BF107D /* Frameworks */ = {
			isa = PBXFrameworksBuildPhase;
			buildActionMask = 2147483647;
			files = (
				124568E826A6B54D00BF107D /* BedrockModels.framework in Frameworks */,
			);
			runOnlyForDeploymentPostprocessing = 0;
		};
		126FC82F24292921008600D4 /* Frameworks */ = {
			isa = PBXFrameworksBuildPhase;
			buildActionMask = 2147483647;
			files = (
				1281DDF9257523F700D5C710 /* BedrockModels.framework in Frameworks */,
				1231CF8A2576640200A86633 /* DesignKit.framework in Frameworks */,
				34DDED36163B8049BBB9F0E5 /* Pods_CultivateMVP.framework in Frameworks */,
				124568E126A6B4DB00BF107D /* SavingServiceKit.framework in Frameworks */,
				12AC5062257A7C17001FD962 /* EntryHistoryModule.framework in Frameworks */,
				1281DDB92575211900D5C710 /* JournalingModule.framework in Frameworks */,
			);
			runOnlyForDeploymentPostprocessing = 0;
		};
		126FC84524292922008600D4 /* Frameworks */ = {
			isa = PBXFrameworksBuildPhase;
			buildActionMask = 2147483647;
			files = (
				5A36006BFD80E357508F0CF8 /* Pods_CultivateMVPTests.framework in Frameworks */,
			);
			runOnlyForDeploymentPostprocessing = 0;
		};
		1281DDA12575211900D5C710 /* Frameworks */ = {
			isa = PBXFrameworksBuildPhase;
			buildActionMask = 2147483647;
			files = (
				1281DE6C25752C9C00D5C710 /* BedrockModels.framework in Frameworks */,
				124568ED26A6BEE600BF107D /* SavingServiceKit.framework in Frameworks */,
			);
			runOnlyForDeploymentPostprocessing = 0;
		};
		1281DDA92575211900D5C710 /* Frameworks */ = {
			isa = PBXFrameworksBuildPhase;
			buildActionMask = 2147483647;
			files = (
				1281DDAD2575211900D5C710 /* JournalingModule.framework in Frameworks */,
			);
			runOnlyForDeploymentPostprocessing = 0;
		};
		1281DDEF257523F700D5C710 /* Frameworks */ = {
			isa = PBXFrameworksBuildPhase;
			buildActionMask = 2147483647;
			files = (
				1281DE6B25752C6F00D5C710 /* ComposableArchitecture in Frameworks */,
			);
			runOnlyForDeploymentPostprocessing = 0;
		};
		12AC504A257A7C16001FD962 /* Frameworks */ = {
			isa = PBXFrameworksBuildPhase;
			buildActionMask = 2147483647;
			files = (
				12829834257E33EC00D37EFB /* BedrockModels.framework in Frameworks */,
			);
			runOnlyForDeploymentPostprocessing = 0;
		};
		12AC5052257A7C17001FD962 /* Frameworks */ = {
			isa = PBXFrameworksBuildPhase;
			buildActionMask = 2147483647;
			files = (
				12AC5056257A7C17001FD962 /* EntryHistoryModule.framework in Frameworks */,
			);
			runOnlyForDeploymentPostprocessing = 0;
		};
/* End PBXFrameworksBuildPhase section */

/* Begin PBXGroup section */
		1231CF842576640200A86633 /* DesignKit */ = {
			isa = PBXGroup;
			children = (
				122F152D25682572005E483E /* ColorNameManager.swift */,
				12E04417253E0CA7002947B3 /* FontNameManager.swift */,
				1231CF852576640200A86633 /* DesignKit.h */,
				1231CF862576640200A86633 /* Info.plist */,
			);
			path = DesignKit;
			sourceTree = "<group>";
		};
		123F53A425391AED00EE4927 /* Fonts */ = {
			isa = PBXGroup;
			children = (
				12E04419253E1136002947B3 /* Montserrat */,
				12E04416253E0077002947B3 /* PTSerif */,
			);
			path = Fonts;
			sourceTree = "<group>";
		};
		124568DB26A6B4DA00BF107D /* SavingServiceKit */ = {
			isa = PBXGroup;
			children = (
				124568D126A07D2600BF107D /* DataProvider.swift */,
				124568CF26A0794D00BF107D /* SavableEntries.swift */,
				124568DC26A6B4DA00BF107D /* SavingServiceKit.h */,
				124568DD26A6B4DA00BF107D /* Info.plist */,
			);
			path = SavingServiceKit;
			sourceTree = "<group>";
		};
		126FC82924292921008600D4 = {
			isa = PBXGroup;
			children = (
				126FC83424292921008600D4 /* CultivateMVP */,
				126FC84B24292922008600D4 /* CultivateMVPTests */,
				1281DDF3257523F700D5C710 /* BedrockModels */,
				1281DDA52575211900D5C710 /* JournalingModule */,
				1281DDB22575211900D5C710 /* JournalingModuleTests */,
				123F53A425391AED00EE4927 /* Fonts */,
				1231CF842576640200A86633 /* DesignKit */,
				12AC504E257A7C17001FD962 /* EntryHistoryModule */,
				12AC505B257A7C17001FD962 /* EntryHistoryModuleTests */,
				124568DB26A6B4DA00BF107D /* SavingServiceKit */,
				126FC83324292921008600D4 /* Products */,
				933BCE247D39016A241B4CDF /* Pods */,
				7FBE25200644547732558EE6 /* Frameworks */,
			);
			sourceTree = "<group>";
		};
		126FC83324292921008600D4 /* Products */ = {
			isa = PBXGroup;
			children = (
				126FC83224292921008600D4 /* CultivateMVP.app */,
				126FC84824292922008600D4 /* CultivateMVPTests.xctest */,
				1281DDA42575211900D5C710 /* JournalingModule.framework */,
				1281DDAC2575211900D5C710 /* JournalingModuleTests.xctest */,
				1281DDF2257523F700D5C710 /* BedrockModels.framework */,
				1231CF832576640200A86633 /* DesignKit.framework */,
				12AC504D257A7C16001FD962 /* EntryHistoryModule.framework */,
				12AC5055257A7C17001FD962 /* EntryHistoryModuleTests.xctest */,
				124568DA26A6B4D900BF107D /* SavingServiceKit.framework */,
			);
			name = Products;
			sourceTree = "<group>";
		};
		126FC83424292921008600D4 /* CultivateMVP */ = {
			isa = PBXGroup;
			children = (
				12E799A3257A80810047EB15 /* AppState.swift */,
				126FC83524292921008600D4 /* AppDelegate.swift */,
				126FC83724292921008600D4 /* SceneDelegate.swift */,
				123F53A0252E150A00EE4927 /* TabBarView.swift */,
				126FC83E24292922008600D4 /* Assets.xcassets */,
				126FC83B24292921008600D4 /* Main.storyboard */,
				126FC84024292922008600D4 /* LaunchScreen.storyboard */,
				126FC84324292922008600D4 /* Info.plist */,
				12CBAC5F24C1F63700395C40 /* Strings.swift */,
				12CBAC5C24C1F08500395C40 /* Localizable.strings */,
				124568CC26A0774800BF107D /* AppEnvironment.swift */,
			);
			path = CultivateMVP;
			sourceTree = "<group>";
		};
		126FC84B24292922008600D4 /* CultivateMVPTests */ = {
			isa = PBXGroup;
			children = (
				126FC84C24292922008600D4 /* CultivateMVPTests.swift */,
				126FC84E24292922008600D4 /* Info.plist */,
			);
			path = CultivateMVPTests;
			sourceTree = "<group>";
		};
		1281DDA52575211900D5C710 /* JournalingModule */ = {
			isa = PBXGroup;
			children = (
				1281DDD02575226C00D5C710 /* ModuleState.swift */,
				126FC85A24292AFE008600D4 /* JournalStartView.swift */,
				126FC85F242A94D5008600D4 /* JournalingView.swift */,
				1281DDA62575211900D5C710 /* JournalingModule.h */,
				1281DDA72575211900D5C710 /* Info.plist */,
				1231CF4D2576448A00A86633 /* ModuleEnvironment.swift */,
			);
			path = JournalingModule;
			sourceTree = "<group>";
		};
		1281DDB22575211900D5C710 /* JournalingModuleTests */ = {
			isa = PBXGroup;
			children = (
				1281DDB32575211900D5C710 /* JournalingModuleTests.swift */,
				1281DDB52575211900D5C710 /* Info.plist */,
			);
			path = JournalingModuleTests;
			sourceTree = "<group>";
		};
		1281DDF3257523F700D5C710 /* BedrockModels */ = {
			isa = PBXGroup;
			children = (
				124981C82434AE5C008CE4AF /* JournalQuestionAnswer.swift */,
				12F7E1972523C15B001AD675 /* EntryHistory.swift */,
				1281DDF4257523F700D5C710 /* BedrockModels.h */,
				1281DDF5257523F700D5C710 /* Info.plist */,
			);
			path = BedrockModels;
			sourceTree = "<group>";
		};
		12AC504E257A7C17001FD962 /* EntryHistoryModule */ = {
			isa = PBXGroup;
			children = (
				124568F226A7445500BF107D /* ModuleEnvironment.swift */,
				12E799AC257A80C00047EB15 /* ModuleState.swift */,
				123F53A2252E15C500EE4927 /* EntryHistoryView.swift */,
				128299252582846A00D37EFB /* SingleEntryView.swift */,
				12AC504F257A7C17001FD962 /* EntryHistoryModule.h */,
				12AC5050257A7C17001FD962 /* Info.plist */,
				1282997425877F0800D37EFB /* EntryDateFormatter.swift */,
			);
			path = EntryHistoryModule;
			sourceTree = "<group>";
		};
		12AC505B257A7C17001FD962 /* EntryHistoryModuleTests */ = {
			isa = PBXGroup;
			children = (
				12AC505C257A7C17001FD962 /* EntryHistoryModuleTests.swift */,
				12AC505E257A7C17001FD962 /* Info.plist */,
			);
			path = EntryHistoryModuleTests;
			sourceTree = "<group>";
		};
		12E04416253E0077002947B3 /* PTSerif */ = {
			isa = PBXGroup;
			children = (
				123F53AA25391B5D00EE4927 /* PTSerif-Regular.ttf */,
				123F53A825391B4E00EE4927 /* PTSerif-BoldItalic.ttf */,
				123F53A725391B3B00EE4927 /* PTSerif-Bold.ttf */,
				123F53A925391B5600EE4927 /* PTSerif-Italic.ttf */,
			);
			path = PTSerif;
			sourceTree = "<group>";
		};
		12E04419253E1136002947B3 /* Montserrat */ = {
			isa = PBXGroup;
			children = (
				12E04422253E1368002947B3 /* Montserrat-Italic.ttf */,
				12E04425253E139B002947B3 /* Montserrat-Medium.ttf */,
				12E0441C253E132D002947B3 /* Montserrat-Bold.ttf */,
				12E04428253E13AE002947B3 /* Montserrat-SemiBold.ttf */,
				12E04427253E13A8002947B3 /* Montserrat-Regular.ttf */,
				12E0442A253E13BA002947B3 /* Montserrat-Thin.ttf */,
				12E04423253E1370002947B3 /* Montserrat-Light.ttf */,
			);
			path = Montserrat;
			sourceTree = "<group>";
		};
		7FBE25200644547732558EE6 /* Frameworks */ = {
			isa = PBXGroup;
			children = (
				1780C02D9E535EEE71D7CD77 /* Pods_CultivateMVP.framework */,
				965335E66036D71413C3D02B /* Pods_CultivateMVPTests.framework */,
			);
			name = Frameworks;
			sourceTree = "<group>";
		};
		933BCE247D39016A241B4CDF /* Pods */ = {
			isa = PBXGroup;
			children = (
				B262438C5D81DEC456057D1C /* Pods-CultivateMVP.debug.xcconfig */,
				F969DC2D5FC692DA13F856DF /* Pods-CultivateMVP.release.xcconfig */,
				FE61B78FEC87CD618A4A966F /* Pods-CultivateMVPTests.debug.xcconfig */,
				AC92723F1CF0CD2378C37B4D /* Pods-CultivateMVPTests.release.xcconfig */,
			);
			path = Pods;
			sourceTree = "<group>";
		};
/* End PBXGroup section */

/* Begin PBXHeadersBuildPhase section */
		1231CF7E2576640200A86633 /* Headers */ = {
			isa = PBXHeadersBuildPhase;
			buildActionMask = 2147483647;
			files = (
				1231CF872576640200A86633 /* DesignKit.h in Headers */,
			);
			runOnlyForDeploymentPostprocessing = 0;
		};
		124568D526A6B4D900BF107D /* Headers */ = {
			isa = PBXHeadersBuildPhase;
			buildActionMask = 2147483647;
			files = (
				124568DE26A6B4DA00BF107D /* SavingServiceKit.h in Headers */,
			);
			runOnlyForDeploymentPostprocessing = 0;
		};
		1281DD9F2575211900D5C710 /* Headers */ = {
			isa = PBXHeadersBuildPhase;
			buildActionMask = 2147483647;
			files = (
				1281DDB62575211900D5C710 /* JournalingModule.h in Headers */,
			);
			runOnlyForDeploymentPostprocessing = 0;
		};
		1281DDED257523F700D5C710 /* Headers */ = {
			isa = PBXHeadersBuildPhase;
			buildActionMask = 2147483647;
			files = (
				1281DDF6257523F700D5C710 /* BedrockModels.h in Headers */,
			);
			runOnlyForDeploymentPostprocessing = 0;
		};
		12AC5048257A7C16001FD962 /* Headers */ = {
			isa = PBXHeadersBuildPhase;
			buildActionMask = 2147483647;
			files = (
				12AC505F257A7C17001FD962 /* EntryHistoryModule.h in Headers */,
			);
			runOnlyForDeploymentPostprocessing = 0;
		};
/* End PBXHeadersBuildPhase section */

/* Begin PBXNativeTarget section */
		1231CF822576640200A86633 /* DesignKit */ = {
			isa = PBXNativeTarget;
			buildConfigurationList = 1231CF8C2576640200A86633 /* Build configuration list for PBXNativeTarget "DesignKit" */;
			buildPhases = (
				1231CF7E2576640200A86633 /* Headers */,
				1231CF7F2576640200A86633 /* Sources */,
				1231CF802576640200A86633 /* Frameworks */,
				1231CF812576640200A86633 /* Resources */,
			);
			buildRules = (
			);
			dependencies = (
			);
			name = DesignKit;
			productName = DesignKit;
			productReference = 1231CF832576640200A86633 /* DesignKit.framework */;
			productType = "com.apple.product-type.framework";
		};
		124568D926A6B4D900BF107D /* SavingServiceKit */ = {
			isa = PBXNativeTarget;
			buildConfigurationList = 124568E326A6B4DB00BF107D /* Build configuration list for PBXNativeTarget "SavingServiceKit" */;
			buildPhases = (
				124568D526A6B4D900BF107D /* Headers */,
				124568D626A6B4D900BF107D /* Sources */,
				124568D726A6B4D900BF107D /* Frameworks */,
				124568D826A6B4D900BF107D /* Resources */,
				124568EC26A6B54D00BF107D /* Embed Frameworks */,
			);
			buildRules = (
			);
			dependencies = (
				124568EB26A6B54D00BF107D /* PBXTargetDependency */,
			);
			name = SavingServiceKit;
			productName = SavingServiceKit;
			productReference = 124568DA26A6B4D900BF107D /* SavingServiceKit.framework */;
			productType = "com.apple.product-type.framework";
		};
		126FC83124292921008600D4 /* CultivateMVP */ = {
			isa = PBXNativeTarget;
			buildConfigurationList = 126FC85124292922008600D4 /* Build configuration list for PBXNativeTarget "CultivateMVP" */;
			buildPhases = (
				A7978E1465B503206B41B1FB /* [CP] Check Pods Manifest.lock */,
				126FC82E24292921008600D4 /* Sources */,
				126FC82F24292921008600D4 /* Frameworks */,
				126FC83024292921008600D4 /* Resources */,
				5C303D48B3BA03EBC85C42E9 /* [CP] Embed Pods Frameworks */,
				12CBAC5E24C1F1D100395C40 /* SwiftGen */,
				1275EA0E2437913600CFCFAC /* SwiftLint */,
				1281DDBE2575211900D5C710 /* Embed Frameworks */,
			);
			buildRules = (
			);
			dependencies = (
				1281DDF8257523F700D5C710 /* PBXTargetDependency */,
				1281DDB82575211900D5C710 /* PBXTargetDependency */,
				1231CF892576640200A86633 /* PBXTargetDependency */,
				12AC5061257A7C17001FD962 /* PBXTargetDependency */,
				124568E026A6B4DB00BF107D /* PBXTargetDependency */,
			);
			name = CultivateMVP;
			packageProductDependencies = (
			);
			productName = CultivateMVP;
			productReference = 126FC83224292921008600D4 /* CultivateMVP.app */;
			productType = "com.apple.product-type.application";
		};
		126FC84724292922008600D4 /* CultivateMVPTests */ = {
			isa = PBXNativeTarget;
			buildConfigurationList = 126FC85424292922008600D4 /* Build configuration list for PBXNativeTarget "CultivateMVPTests" */;
			buildPhases = (
				0EC7AC66EE535A3D19E64A7C /* [CP] Check Pods Manifest.lock */,
				126FC84424292922008600D4 /* Sources */,
				126FC84524292922008600D4 /* Frameworks */,
				126FC84624292922008600D4 /* Resources */,
				2AB3A9CA79136A9E6B4767D5 /* [CP] Embed Pods Frameworks */,
			);
			buildRules = (
			);
			dependencies = (
				126FC84A24292922008600D4 /* PBXTargetDependency */,
			);
			name = CultivateMVPTests;
			productName = CultivateMVPTests;
			productReference = 126FC84824292922008600D4 /* CultivateMVPTests.xctest */;
			productType = "com.apple.product-type.bundle.unit-test";
		};
		1281DDA32575211900D5C710 /* JournalingModule */ = {
			isa = PBXNativeTarget;
			buildConfigurationList = 1281DDBB2575211900D5C710 /* Build configuration list for PBXNativeTarget "JournalingModule" */;
			buildPhases = (
				1281DD9F2575211900D5C710 /* Headers */,
				1281DDA02575211900D5C710 /* Sources */,
				1281DDA12575211900D5C710 /* Frameworks */,
				1281DDA22575211900D5C710 /* Resources */,
				124568F126A6BEE600BF107D /* Embed Frameworks */,
			);
			buildRules = (
			);
			dependencies = (
				1231CFA52576647C00A86633 /* PBXTargetDependency */,
				124568F026A6BEE600BF107D /* PBXTargetDependency */,
			);
			name = JournalingModule;
			productName = JournalingModule;
			productReference = 1281DDA42575211900D5C710 /* JournalingModule.framework */;
			productType = "com.apple.product-type.framework";
		};
		1281DDAB2575211900D5C710 /* JournalingModuleTests */ = {
			isa = PBXNativeTarget;
			buildConfigurationList = 1281DDBF2575211900D5C710 /* Build configuration list for PBXNativeTarget "JournalingModuleTests" */;
			buildPhases = (
				1281DDA82575211900D5C710 /* Sources */,
				1281DDA92575211900D5C710 /* Frameworks */,
				1281DDAA2575211900D5C710 /* Resources */,
			);
			buildRules = (
			);
			dependencies = (
				1281DDAF2575211900D5C710 /* PBXTargetDependency */,
			);
			name = JournalingModuleTests;
			productName = JournalingModuleTests;
			productReference = 1281DDAC2575211900D5C710 /* JournalingModuleTests.xctest */;
			productType = "com.apple.product-type.bundle.unit-test";
		};
		1281DDF1257523F700D5C710 /* BedrockModels */ = {
			isa = PBXNativeTarget;
			buildConfigurationList = 1281DDFB257523F700D5C710 /* Build configuration list for PBXNativeTarget "BedrockModels" */;
			buildPhases = (
				1281DDED257523F700D5C710 /* Headers */,
				1281DDEE257523F700D5C710 /* Sources */,
				1281DDEF257523F700D5C710 /* Frameworks */,
				1281DDF0257523F700D5C710 /* Resources */,
			);
			buildRules = (
			);
			dependencies = (
			);
			name = BedrockModels;
			packageProductDependencies = (
				1281DE6A25752C6F00D5C710 /* ComposableArchitecture */,
			);
			productName = BedrockModels;
			productReference = 1281DDF2257523F700D5C710 /* BedrockModels.framework */;
			productType = "com.apple.product-type.framework";
		};
		12AC504C257A7C16001FD962 /* EntryHistoryModule */ = {
			isa = PBXNativeTarget;
			buildConfigurationList = 12AC5068257A7C17001FD962 /* Build configuration list for PBXNativeTarget "EntryHistoryModule" */;
			buildPhases = (
				12AC5048257A7C16001FD962 /* Headers */,
				12AC5049257A7C16001FD962 /* Sources */,
				12AC504A257A7C16001FD962 /* Frameworks */,
				12AC504B257A7C16001FD962 /* Resources */,
				12829838257E33EC00D37EFB /* Embed Frameworks */,
			);
			buildRules = (
			);
			dependencies = (
				12829837257E33EC00D37EFB /* PBXTargetDependency */,
			);
			name = EntryHistoryModule;
			productName = EntryHistoryModule;
			productReference = 12AC504D257A7C16001FD962 /* EntryHistoryModule.framework */;
			productType = "com.apple.product-type.framework";
		};
		12AC5054257A7C17001FD962 /* EntryHistoryModuleTests */ = {
			isa = PBXNativeTarget;
			buildConfigurationList = 12AC5069257A7C17001FD962 /* Build configuration list for PBXNativeTarget "EntryHistoryModuleTests" */;
			buildPhases = (
				12AC5051257A7C17001FD962 /* Sources */,
				12AC5052257A7C17001FD962 /* Frameworks */,
				12AC5053257A7C17001FD962 /* Resources */,
			);
			buildRules = (
			);
			dependencies = (
				12AC5058257A7C17001FD962 /* PBXTargetDependency */,
			);
			name = EntryHistoryModuleTests;
			productName = EntryHistoryModuleTests;
			productReference = 12AC5055257A7C17001FD962 /* EntryHistoryModuleTests.xctest */;
			productType = "com.apple.product-type.bundle.unit-test";
		};
/* End PBXNativeTarget section */

/* Begin PBXProject section */
		126FC82A24292921008600D4 /* Project object */ = {
			isa = PBXProject;
			attributes = {
				LastSwiftUpdateCheck = 1220;
				LastUpgradeCheck = 1220;
				ORGANIZATIONNAME = "Taylor Lindsay";
				TargetAttributes = {
					1231CF822576640200A86633 = {
						CreatedOnToolsVersion = 12.2;
					};
					124568D926A6B4D900BF107D = {
						CreatedOnToolsVersion = 12.5;
					};
					126FC83124292921008600D4 = {
						CreatedOnToolsVersion = 11.3;
					};
					126FC84724292922008600D4 = {
						CreatedOnToolsVersion = 11.3;
						TestTargetID = 126FC83124292921008600D4;
					};
					1281DDA32575211900D5C710 = {
						CreatedOnToolsVersion = 12.2;
					};
					1281DDAB2575211900D5C710 = {
						CreatedOnToolsVersion = 12.2;
					};
					1281DDF1257523F700D5C710 = {
						CreatedOnToolsVersion = 12.2;
					};
					12AC504C257A7C16001FD962 = {
						CreatedOnToolsVersion = 12.2;
					};
					12AC5054257A7C17001FD962 = {
						CreatedOnToolsVersion = 12.2;
					};
				};
			};
			buildConfigurationList = 126FC82D24292921008600D4 /* Build configuration list for PBXProject "CultivateMVP" */;
			compatibilityVersion = "Xcode 9.3";
			developmentRegion = en;
			hasScannedForEncodings = 0;
			knownRegions = (
				en,
				Base,
			);
			mainGroup = 126FC82924292921008600D4;
			packageReferences = (
				1281DD9A2575203500D5C710 /* XCRemoteSwiftPackageReference "swift-composable-architecture" */,
			);
			productRefGroup = 126FC83324292921008600D4 /* Products */;
			projectDirPath = "";
			projectRoot = "";
			targets = (
				126FC83124292921008600D4 /* CultivateMVP */,
				126FC84724292922008600D4 /* CultivateMVPTests */,
				1281DDF1257523F700D5C710 /* BedrockModels */,
				1281DDA32575211900D5C710 /* JournalingModule */,
				1281DDAB2575211900D5C710 /* JournalingModuleTests */,
				1231CF822576640200A86633 /* DesignKit */,
				12AC504C257A7C16001FD962 /* EntryHistoryModule */,
				12AC5054257A7C17001FD962 /* EntryHistoryModuleTests */,
				124568D926A6B4D900BF107D /* SavingServiceKit */,
			);
		};
/* End PBXProject section */

/* Begin PBXResourcesBuildPhase section */
		1231CF812576640200A86633 /* Resources */ = {
			isa = PBXResourcesBuildPhase;
			buildActionMask = 2147483647;
			files = (
			);
			runOnlyForDeploymentPostprocessing = 0;
		};
		124568D826A6B4D900BF107D /* Resources */ = {
			isa = PBXResourcesBuildPhase;
			buildActionMask = 2147483647;
			files = (
			);
			runOnlyForDeploymentPostprocessing = 0;
		};
		126FC83024292921008600D4 /* Resources */ = {
			isa = PBXResourcesBuildPhase;
			buildActionMask = 2147483647;
			files = (
				12E04437253E1414002947B3 /* Montserrat-Bold.ttf in Resources */,
				12E04432253E1405002947B3 /* Montserrat-Italic.ttf in Resources */,
				126FC84224292922008600D4 /* LaunchScreen.storyboard in Resources */,
				123F53AC25391BB300EE4927 /* PTSerif-BoldItalic.ttf in Resources */,
				12CBAC5D24C1F08500395C40 /* Localizable.strings in Resources */,
				12E04438253E1417002947B3 /* Montserrat-Regular.ttf in Resources */,
				126FC83F24292922008600D4 /* Assets.xcassets in Resources */,
				126FC83D24292921008600D4 /* Main.storyboard in Resources */,
				12E04436253E1411002947B3 /* Montserrat-SemiBold.ttf in Resources */,
				123F53AD25391BB600EE4927 /* PTSerif-Italic.ttf in Resources */,
				12E0443C253E1424002947B3 /* Montserrat-Light.ttf in Resources */,
				123F53AB25391BAF00EE4927 /* PTSerif-Regular.ttf in Resources */,
				12E04439253E141A002947B3 /* Montserrat-Thin.ttf in Resources */,
				123F53AE25391BB900EE4927 /* PTSerif-Bold.ttf in Resources */,
				12E04433253E1408002947B3 /* Montserrat-Medium.ttf in Resources */,
			);
			runOnlyForDeploymentPostprocessing = 0;
		};
		126FC84624292922008600D4 /* Resources */ = {
			isa = PBXResourcesBuildPhase;
			buildActionMask = 2147483647;
			files = (
			);
			runOnlyForDeploymentPostprocessing = 0;
		};
		1281DDA22575211900D5C710 /* Resources */ = {
			isa = PBXResourcesBuildPhase;
			buildActionMask = 2147483647;
			files = (
			);
			runOnlyForDeploymentPostprocessing = 0;
		};
		1281DDAA2575211900D5C710 /* Resources */ = {
			isa = PBXResourcesBuildPhase;
			buildActionMask = 2147483647;
			files = (
			);
			runOnlyForDeploymentPostprocessing = 0;
		};
		1281DDF0257523F700D5C710 /* Resources */ = {
			isa = PBXResourcesBuildPhase;
			buildActionMask = 2147483647;
			files = (
			);
			runOnlyForDeploymentPostprocessing = 0;
		};
		12AC504B257A7C16001FD962 /* Resources */ = {
			isa = PBXResourcesBuildPhase;
			buildActionMask = 2147483647;
			files = (
			);
			runOnlyForDeploymentPostprocessing = 0;
		};
		12AC5053257A7C17001FD962 /* Resources */ = {
			isa = PBXResourcesBuildPhase;
			buildActionMask = 2147483647;
			files = (
			);
			runOnlyForDeploymentPostprocessing = 0;
		};
/* End PBXResourcesBuildPhase section */

/* Begin PBXShellScriptBuildPhase section */
		0EC7AC66EE535A3D19E64A7C /* [CP] Check Pods Manifest.lock */ = {
			isa = PBXShellScriptBuildPhase;
			buildActionMask = 2147483647;
			files = (
			);
			inputFileListPaths = (
			);
			inputPaths = (
				"${PODS_PODFILE_DIR_PATH}/Podfile.lock",
				"${PODS_ROOT}/Manifest.lock",
			);
			name = "[CP] Check Pods Manifest.lock";
			outputFileListPaths = (
			);
			outputPaths = (
				"$(DERIVED_FILE_DIR)/Pods-CultivateMVPTests-checkManifestLockResult.txt",
			);
			runOnlyForDeploymentPostprocessing = 0;
			shellPath = /bin/sh;
			shellScript = "diff \"${PODS_PODFILE_DIR_PATH}/Podfile.lock\" \"${PODS_ROOT}/Manifest.lock\" > /dev/null\nif [ $? != 0 ] ; then\n    # print error to STDERR\n    echo \"error: The sandbox is not in sync with the Podfile.lock. Run 'pod install' or update your CocoaPods installation.\" >&2\n    exit 1\nfi\n# This output is used by Xcode 'outputs' to avoid re-running this script phase.\necho \"SUCCESS\" > \"${SCRIPT_OUTPUT_FILE_0}\"\n";
			showEnvVarsInLog = 0;
		};
		1275EA0E2437913600CFCFAC /* SwiftLint */ = {
			isa = PBXShellScriptBuildPhase;
			buildActionMask = 2147483647;
			files = (
			);
			inputFileListPaths = (
			);
			inputPaths = (
			);
			name = SwiftLint;
			outputFileListPaths = (
			);
			outputPaths = (
			);
			runOnlyForDeploymentPostprocessing = 0;
			shellPath = /bin/sh;
			shellScript = "${PODS_ROOT}/SwiftLint/swiftlint autocorrect\n${PODS_ROOT}/SwiftLint/swiftlint\n";
		};
		12CBAC5E24C1F1D100395C40 /* SwiftGen */ = {
			isa = PBXShellScriptBuildPhase;
			buildActionMask = 2147483647;
			files = (
			);
			inputFileListPaths = (
			);
			inputPaths = (
			);
			name = SwiftGen;
			outputFileListPaths = (
			);
			outputPaths = (
			);
			runOnlyForDeploymentPostprocessing = 0;
			shellPath = /bin/sh;
			shellScript = "#$PODS_ROOT/SwiftGen/bin/swiftgen run xcassets -o $TARGET_NAME/Assets.swift -t swift5 $TARGET_NAME/Assets.xcassets --param forceProvidesNamespaces=true\n$PODS_ROOT/SwiftGen/bin/swiftgen run strings -t structured-swift5 $TARGET_NAME/Localizable.strings -o $TARGET_NAME/Strings.swift\n";
		};
		2AB3A9CA79136A9E6B4767D5 /* [CP] Embed Pods Frameworks */ = {
			isa = PBXShellScriptBuildPhase;
			buildActionMask = 2147483647;
			files = (
			);
			inputFileListPaths = (
				"${PODS_ROOT}/Target Support Files/Pods-CultivateMVPTests/Pods-CultivateMVPTests-frameworks-${CONFIGURATION}-input-files.xcfilelist",
			);
			name = "[CP] Embed Pods Frameworks";
			outputFileListPaths = (
				"${PODS_ROOT}/Target Support Files/Pods-CultivateMVPTests/Pods-CultivateMVPTests-frameworks-${CONFIGURATION}-output-files.xcfilelist",
			);
			runOnlyForDeploymentPostprocessing = 0;
			shellPath = /bin/sh;
			shellScript = "\"${PODS_ROOT}/Target Support Files/Pods-CultivateMVPTests/Pods-CultivateMVPTests-frameworks.sh\"\n";
			showEnvVarsInLog = 0;
		};
		5C303D48B3BA03EBC85C42E9 /* [CP] Embed Pods Frameworks */ = {
			isa = PBXShellScriptBuildPhase;
			buildActionMask = 2147483647;
			files = (
			);
			inputFileListPaths = (
				"${PODS_ROOT}/Target Support Files/Pods-CultivateMVP/Pods-CultivateMVP-frameworks-${CONFIGURATION}-input-files.xcfilelist",
			);
			name = "[CP] Embed Pods Frameworks";
			outputFileListPaths = (
				"${PODS_ROOT}/Target Support Files/Pods-CultivateMVP/Pods-CultivateMVP-frameworks-${CONFIGURATION}-output-files.xcfilelist",
			);
			runOnlyForDeploymentPostprocessing = 0;
			shellPath = /bin/sh;
			shellScript = "\"${PODS_ROOT}/Target Support Files/Pods-CultivateMVP/Pods-CultivateMVP-frameworks.sh\"\n";
			showEnvVarsInLog = 0;
		};
		A7978E1465B503206B41B1FB /* [CP] Check Pods Manifest.lock */ = {
			isa = PBXShellScriptBuildPhase;
			buildActionMask = 2147483647;
			files = (
			);
			inputFileListPaths = (
			);
			inputPaths = (
				"${PODS_PODFILE_DIR_PATH}/Podfile.lock",
				"${PODS_ROOT}/Manifest.lock",
			);
			name = "[CP] Check Pods Manifest.lock";
			outputFileListPaths = (
			);
			outputPaths = (
				"$(DERIVED_FILE_DIR)/Pods-CultivateMVP-checkManifestLockResult.txt",
			);
			runOnlyForDeploymentPostprocessing = 0;
			shellPath = /bin/sh;
			shellScript = "diff \"${PODS_PODFILE_DIR_PATH}/Podfile.lock\" \"${PODS_ROOT}/Manifest.lock\" > /dev/null\nif [ $? != 0 ] ; then\n    # print error to STDERR\n    echo \"error: The sandbox is not in sync with the Podfile.lock. Run 'pod install' or update your CocoaPods installation.\" >&2\n    exit 1\nfi\n# This output is used by Xcode 'outputs' to avoid re-running this script phase.\necho \"SUCCESS\" > \"${SCRIPT_OUTPUT_FILE_0}\"\n";
			showEnvVarsInLog = 0;
		};
/* End PBXShellScriptBuildPhase section */

/* Begin PBXSourcesBuildPhase section */
		1231CF7F2576640200A86633 /* Sources */ = {
			isa = PBXSourcesBuildPhase;
			buildActionMask = 2147483647;
			files = (
				1231CFB525766B4500A86633 /* ColorNameManager.swift in Sources */,
				1231CF942576641300A86633 /* FontNameManager.swift in Sources */,
			);
			runOnlyForDeploymentPostprocessing = 0;
		};
		124568D626A6B4D900BF107D /* Sources */ = {
			isa = PBXSourcesBuildPhase;
			buildActionMask = 2147483647;
			files = (
				124568E726A6B4F700BF107D /* DataProvider.swift in Sources */,
				124568E626A6B4F200BF107D /* SavableEntries.swift in Sources */,
			);
			runOnlyForDeploymentPostprocessing = 0;
		};
		126FC82E24292921008600D4 /* Sources */ = {
			isa = PBXSourcesBuildPhase;
			buildActionMask = 2147483647;
			files = (
				12CBAC6024C1F63700395C40 /* Strings.swift in Sources */,
				12E799A4257A80810047EB15 /* AppState.swift in Sources */,
				126FC83624292921008600D4 /* AppDelegate.swift in Sources */,
				123F53A1252E150A00EE4927 /* TabBarView.swift in Sources */,
				126FC83824292921008600D4 /* SceneDelegate.swift in Sources */,
				124568CD26A0774800BF107D /* AppEnvironment.swift in Sources */,
			);
			runOnlyForDeploymentPostprocessing = 0;
		};
		126FC84424292922008600D4 /* Sources */ = {
			isa = PBXSourcesBuildPhase;
			buildActionMask = 2147483647;
			files = (
				126FC84D24292922008600D4 /* CultivateMVPTests.swift in Sources */,
			);
			runOnlyForDeploymentPostprocessing = 0;
		};
		1281DDA02575211900D5C710 /* Sources */ = {
			isa = PBXSourcesBuildPhase;
			buildActionMask = 2147483647;
			files = (
				1281DDD12575226C00D5C710 /* ModuleState.swift in Sources */,
				1231CF4E2576448A00A86633 /* ModuleEnvironment.swift in Sources */,
				1281DDC82575222F00D5C710 /* JournalingView.swift in Sources */,
				1281DDCC2575226000D5C710 /* JournalStartView.swift in Sources */,
			);
			runOnlyForDeploymentPostprocessing = 0;
		};
		1281DDA82575211900D5C710 /* Sources */ = {
			isa = PBXSourcesBuildPhase;
			buildActionMask = 2147483647;
			files = (
				1281DDB42575211900D5C710 /* JournalingModuleTests.swift in Sources */,
			);
			runOnlyForDeploymentPostprocessing = 0;
		};
		1281DDEE257523F700D5C710 /* Sources */ = {
			isa = PBXSourcesBuildPhase;
			buildActionMask = 2147483647;
			files = (
				1281DE022575247000D5C710 /* JournalQuestionAnswer.swift in Sources */,
				1281DE072575247400D5C710 /* EntryHistory.swift in Sources */,
			);
			runOnlyForDeploymentPostprocessing = 0;
		};
		12AC5049257A7C16001FD962 /* Sources */ = {
			isa = PBXSourcesBuildPhase;
			buildActionMask = 2147483647;
			files = (
				124568F326A7445500BF107D /* ModuleEnvironment.swift in Sources */,
				12E799BC257A80F40047EB15 /* EntryHistoryView.swift in Sources */,
				128299262582846A00D37EFB /* SingleEntryView.swift in Sources */,
				12E799AD257A80C00047EB15 /* ModuleState.swift in Sources */,
				1282997525877F0800D37EFB /* EntryDateFormatter.swift in Sources */,
			);
			runOnlyForDeploymentPostprocessing = 0;
		};
		12AC5051257A7C17001FD962 /* Sources */ = {
			isa = PBXSourcesBuildPhase;
			buildActionMask = 2147483647;
			files = (
				12AC505D257A7C17001FD962 /* EntryHistoryModuleTests.swift in Sources */,
			);
			runOnlyForDeploymentPostprocessing = 0;
		};
/* End PBXSourcesBuildPhase section */

/* Begin PBXTargetDependency section */
		1231CF892576640200A86633 /* PBXTargetDependency */ = {
			isa = PBXTargetDependency;
			target = 1231CF822576640200A86633 /* DesignKit */;
			targetProxy = 1231CF882576640200A86633 /* PBXContainerItemProxy */;
		};
		1231CFA52576647C00A86633 /* PBXTargetDependency */ = {
			isa = PBXTargetDependency;
			target = 1231CF822576640200A86633 /* DesignKit */;
			targetProxy = 1231CFA42576647C00A86633 /* PBXContainerItemProxy */;
		};
		124568E026A6B4DB00BF107D /* PBXTargetDependency */ = {
			isa = PBXTargetDependency;
			target = 124568D926A6B4D900BF107D /* SavingServiceKit */;
			targetProxy = 124568DF26A6B4DB00BF107D /* PBXContainerItemProxy */;
		};
		124568EB26A6B54D00BF107D /* PBXTargetDependency */ = {
			isa = PBXTargetDependency;
			target = 1281DDF1257523F700D5C710 /* BedrockModels */;
			targetProxy = 124568EA26A6B54D00BF107D /* PBXContainerItemProxy */;
		};
		124568F026A6BEE600BF107D /* PBXTargetDependency */ = {
			isa = PBXTargetDependency;
			target = 124568D926A6B4D900BF107D /* SavingServiceKit */;
			targetProxy = 124568EF26A6BEE600BF107D /* PBXContainerItemProxy */;
		};
		126FC84A24292922008600D4 /* PBXTargetDependency */ = {
			isa = PBXTargetDependency;
			target = 126FC83124292921008600D4 /* CultivateMVP */;
			targetProxy = 126FC84924292922008600D4 /* PBXContainerItemProxy */;
		};
		1281DDAF2575211900D5C710 /* PBXTargetDependency */ = {
			isa = PBXTargetDependency;
			target = 1281DDA32575211900D5C710 /* JournalingModule */;
			targetProxy = 1281DDAE2575211900D5C710 /* PBXContainerItemProxy */;
		};
		1281DDB82575211900D5C710 /* PBXTargetDependency */ = {
			isa = PBXTargetDependency;
			target = 1281DDA32575211900D5C710 /* JournalingModule */;
			targetProxy = 1281DDB72575211900D5C710 /* PBXContainerItemProxy */;
		};
		1281DDF8257523F700D5C710 /* PBXTargetDependency */ = {
			isa = PBXTargetDependency;
			target = 1281DDF1257523F700D5C710 /* BedrockModels */;
			targetProxy = 1281DDF7257523F700D5C710 /* PBXContainerItemProxy */;
		};
		12829837257E33EC00D37EFB /* PBXTargetDependency */ = {
			isa = PBXTargetDependency;
			target = 1281DDF1257523F700D5C710 /* BedrockModels */;
			targetProxy = 12829836257E33EC00D37EFB /* PBXContainerItemProxy */;
		};
		12AC5058257A7C17001FD962 /* PBXTargetDependency */ = {
			isa = PBXTargetDependency;
			target = 12AC504C257A7C16001FD962 /* EntryHistoryModule */;
			targetProxy = 12AC5057257A7C17001FD962 /* PBXContainerItemProxy */;
		};
		12AC5061257A7C17001FD962 /* PBXTargetDependency */ = {
			isa = PBXTargetDependency;
			target = 12AC504C257A7C16001FD962 /* EntryHistoryModule */;
			targetProxy = 12AC5060257A7C17001FD962 /* PBXContainerItemProxy */;
		};
/* End PBXTargetDependency section */

/* Begin PBXVariantGroup section */
		126FC83B24292921008600D4 /* Main.storyboard */ = {
			isa = PBXVariantGroup;
			children = (
				126FC83C24292921008600D4 /* Base */,
			);
			name = Main.storyboard;
			sourceTree = "<group>";
		};
		126FC84024292922008600D4 /* LaunchScreen.storyboard */ = {
			isa = PBXVariantGroup;
			children = (
				126FC84124292922008600D4 /* Base */,
			);
			name = LaunchScreen.storyboard;
			sourceTree = "<group>";
		};
/* End PBXVariantGroup section */

/* Begin XCBuildConfiguration section */
		1231CF8D2576640200A86633 /* Debug */ = {
			isa = XCBuildConfiguration;
			buildSettings = {
				CODE_SIGN_STYLE = Automatic;
				CURRENT_PROJECT_VERSION = 1;
				DEFINES_MODULE = YES;
				DEVELOPMENT_TEAM = V9UM7VLDXC;
				DYLIB_COMPATIBILITY_VERSION = 1;
				DYLIB_CURRENT_VERSION = 1;
				DYLIB_INSTALL_NAME_BASE = "@rpath";
				INFOPLIST_FILE = DesignKit/Info.plist;
				INSTALL_PATH = "$(LOCAL_LIBRARY_DIR)/Frameworks";
				IPHONEOS_DEPLOYMENT_TARGET = 14.2;
				LD_RUNPATH_SEARCH_PATHS = (
					"$(inherited)",
					"@executable_path/Frameworks",
					"@loader_path/Frameworks",
				);
				PRODUCT_BUNDLE_IDENTIFIER = com.tl.DesignKit;
				PRODUCT_NAME = "$(TARGET_NAME:c99extidentifier)";
				SKIP_INSTALL = YES;
				SWIFT_VERSION = 5.0;
				TARGETED_DEVICE_FAMILY = "1,2";
				VERSIONING_SYSTEM = "apple-generic";
				VERSION_INFO_PREFIX = "";
			};
			name = Debug;
		};
		1231CF8E2576640200A86633 /* Release */ = {
			isa = XCBuildConfiguration;
			buildSettings = {
				CODE_SIGN_STYLE = Automatic;
				CURRENT_PROJECT_VERSION = 1;
				DEFINES_MODULE = YES;
				DEVELOPMENT_TEAM = V9UM7VLDXC;
				DYLIB_COMPATIBILITY_VERSION = 1;
				DYLIB_CURRENT_VERSION = 1;
				DYLIB_INSTALL_NAME_BASE = "@rpath";
				INFOPLIST_FILE = DesignKit/Info.plist;
				INSTALL_PATH = "$(LOCAL_LIBRARY_DIR)/Frameworks";
				IPHONEOS_DEPLOYMENT_TARGET = 14.2;
				LD_RUNPATH_SEARCH_PATHS = (
					"$(inherited)",
					"@executable_path/Frameworks",
					"@loader_path/Frameworks",
				);
				PRODUCT_BUNDLE_IDENTIFIER = com.tl.DesignKit;
				PRODUCT_NAME = "$(TARGET_NAME:c99extidentifier)";
				SKIP_INSTALL = YES;
				SWIFT_VERSION = 5.0;
				TARGETED_DEVICE_FAMILY = "1,2";
				VERSIONING_SYSTEM = "apple-generic";
				VERSION_INFO_PREFIX = "";
			};
			name = Release;
		};
		124568E426A6B4DB00BF107D /* Debug */ = {
			isa = XCBuildConfiguration;
			buildSettings = {
				CODE_SIGN_STYLE = Automatic;
				CURRENT_PROJECT_VERSION = 1;
				DEFINES_MODULE = YES;
				DEVELOPMENT_TEAM = V9UM7VLDXC;
				DYLIB_COMPATIBILITY_VERSION = 1;
				DYLIB_CURRENT_VERSION = 1;
				DYLIB_INSTALL_NAME_BASE = "@rpath";
				INFOPLIST_FILE = SavingServiceKit/Info.plist;
				INSTALL_PATH = "$(LOCAL_LIBRARY_DIR)/Frameworks";
				IPHONEOS_DEPLOYMENT_TARGET = 14.1;
				LD_RUNPATH_SEARCH_PATHS = (
					"$(inherited)",
					"@executable_path/Frameworks",
					"@loader_path/Frameworks",
				);
				PRODUCT_BUNDLE_IDENTIFIER = com.tl.SavingServiceKit;
				PRODUCT_NAME = "$(TARGET_NAME:c99extidentifier)";
				SKIP_INSTALL = YES;
				SWIFT_VERSION = 5.0;
				TARGETED_DEVICE_FAMILY = "1,2";
				VERSIONING_SYSTEM = "apple-generic";
				VERSION_INFO_PREFIX = "";
			};
			name = Debug;
		};
		124568E526A6B4DB00BF107D /* Release */ = {
			isa = XCBuildConfiguration;
			buildSettings = {
				CODE_SIGN_STYLE = Automatic;
				CURRENT_PROJECT_VERSION = 1;
				DEFINES_MODULE = YES;
				DEVELOPMENT_TEAM = V9UM7VLDXC;
				DYLIB_COMPATIBILITY_VERSION = 1;
				DYLIB_CURRENT_VERSION = 1;
				DYLIB_INSTALL_NAME_BASE = "@rpath";
				INFOPLIST_FILE = SavingServiceKit/Info.plist;
				INSTALL_PATH = "$(LOCAL_LIBRARY_DIR)/Frameworks";
				IPHONEOS_DEPLOYMENT_TARGET = 14.1;
				LD_RUNPATH_SEARCH_PATHS = (
					"$(inherited)",
					"@executable_path/Frameworks",
					"@loader_path/Frameworks",
				);
				PRODUCT_BUNDLE_IDENTIFIER = com.tl.SavingServiceKit;
				PRODUCT_NAME = "$(TARGET_NAME:c99extidentifier)";
				SKIP_INSTALL = YES;
				SWIFT_VERSION = 5.0;
				TARGETED_DEVICE_FAMILY = "1,2";
				VERSIONING_SYSTEM = "apple-generic";
				VERSION_INFO_PREFIX = "";
			};
			name = Release;
		};
		126FC84F24292922008600D4 /* Debug */ = {
			isa = XCBuildConfiguration;
			buildSettings = {
				ALWAYS_SEARCH_USER_PATHS = NO;
				CLANG_ANALYZER_NONNULL = YES;
				CLANG_ANALYZER_NUMBER_OBJECT_CONVERSION = YES_AGGRESSIVE;
				CLANG_CXX_LANGUAGE_STANDARD = "gnu++14";
				CLANG_CXX_LIBRARY = "libc++";
				CLANG_ENABLE_MODULES = YES;
				CLANG_ENABLE_OBJC_ARC = YES;
				CLANG_ENABLE_OBJC_WEAK = YES;
				CLANG_WARN_BLOCK_CAPTURE_AUTORELEASING = YES;
				CLANG_WARN_BOOL_CONVERSION = YES;
				CLANG_WARN_COMMA = YES;
				CLANG_WARN_CONSTANT_CONVERSION = YES;
				CLANG_WARN_DEPRECATED_OBJC_IMPLEMENTATIONS = YES;
				CLANG_WARN_DIRECT_OBJC_ISA_USAGE = YES_ERROR;
				CLANG_WARN_DOCUMENTATION_COMMENTS = YES;
				CLANG_WARN_EMPTY_BODY = YES;
				CLANG_WARN_ENUM_CONVERSION = YES;
				CLANG_WARN_INFINITE_RECURSION = YES;
				CLANG_WARN_INT_CONVERSION = YES;
				CLANG_WARN_NON_LITERAL_NULL_CONVERSION = YES;
				CLANG_WARN_OBJC_IMPLICIT_RETAIN_SELF = YES;
				CLANG_WARN_OBJC_LITERAL_CONVERSION = YES;
				CLANG_WARN_OBJC_ROOT_CLASS = YES_ERROR;
				CLANG_WARN_QUOTED_INCLUDE_IN_FRAMEWORK_HEADER = YES;
				CLANG_WARN_RANGE_LOOP_ANALYSIS = YES;
				CLANG_WARN_STRICT_PROTOTYPES = YES;
				CLANG_WARN_SUSPICIOUS_MOVE = YES;
				CLANG_WARN_UNGUARDED_AVAILABILITY = YES_AGGRESSIVE;
				CLANG_WARN_UNREACHABLE_CODE = YES;
				CLANG_WARN__DUPLICATE_METHOD_MATCH = YES;
				COPY_PHASE_STRIP = NO;
				DEBUG_INFORMATION_FORMAT = dwarf;
				ENABLE_STRICT_OBJC_MSGSEND = YES;
				ENABLE_TESTABILITY = YES;
				GCC_C_LANGUAGE_STANDARD = gnu11;
				GCC_DYNAMIC_NO_PIC = NO;
				GCC_NO_COMMON_BLOCKS = YES;
				GCC_OPTIMIZATION_LEVEL = 0;
				GCC_PREPROCESSOR_DEFINITIONS = (
					"DEBUG=1",
					"$(inherited)",
				);
				GCC_WARN_64_TO_32_BIT_CONVERSION = YES;
				GCC_WARN_ABOUT_RETURN_TYPE = YES_ERROR;
				GCC_WARN_UNDECLARED_SELECTOR = YES;
				GCC_WARN_UNINITIALIZED_AUTOS = YES_AGGRESSIVE;
				GCC_WARN_UNUSED_FUNCTION = YES;
				GCC_WARN_UNUSED_VARIABLE = YES;
				IPHONEOS_DEPLOYMENT_TARGET = 13.0;
				MTL_ENABLE_DEBUG_INFO = INCLUDE_SOURCE;
				MTL_FAST_MATH = YES;
				ONLY_ACTIVE_ARCH = YES;
				SDKROOT = iphoneos;
				SWIFT_ACTIVE_COMPILATION_CONDITIONS = DEBUG;
				SWIFT_OPTIMIZATION_LEVEL = "-Onone";
			};
			name = Debug;
		};
		126FC85024292922008600D4 /* Release */ = {
			isa = XCBuildConfiguration;
			buildSettings = {
				ALWAYS_SEARCH_USER_PATHS = NO;
				CLANG_ANALYZER_NONNULL = YES;
				CLANG_ANALYZER_NUMBER_OBJECT_CONVERSION = YES_AGGRESSIVE;
				CLANG_CXX_LANGUAGE_STANDARD = "gnu++14";
				CLANG_CXX_LIBRARY = "libc++";
				CLANG_ENABLE_MODULES = YES;
				CLANG_ENABLE_OBJC_ARC = YES;
				CLANG_ENABLE_OBJC_WEAK = YES;
				CLANG_WARN_BLOCK_CAPTURE_AUTORELEASING = YES;
				CLANG_WARN_BOOL_CONVERSION = YES;
				CLANG_WARN_COMMA = YES;
				CLANG_WARN_CONSTANT_CONVERSION = YES;
				CLANG_WARN_DEPRECATED_OBJC_IMPLEMENTATIONS = YES;
				CLANG_WARN_DIRECT_OBJC_ISA_USAGE = YES_ERROR;
				CLANG_WARN_DOCUMENTATION_COMMENTS = YES;
				CLANG_WARN_EMPTY_BODY = YES;
				CLANG_WARN_ENUM_CONVERSION = YES;
				CLANG_WARN_INFINITE_RECURSION = YES;
				CLANG_WARN_INT_CONVERSION = YES;
				CLANG_WARN_NON_LITERAL_NULL_CONVERSION = YES;
				CLANG_WARN_OBJC_IMPLICIT_RETAIN_SELF = YES;
				CLANG_WARN_OBJC_LITERAL_CONVERSION = YES;
				CLANG_WARN_OBJC_ROOT_CLASS = YES_ERROR;
				CLANG_WARN_QUOTED_INCLUDE_IN_FRAMEWORK_HEADER = YES;
				CLANG_WARN_RANGE_LOOP_ANALYSIS = YES;
				CLANG_WARN_STRICT_PROTOTYPES = YES;
				CLANG_WARN_SUSPICIOUS_MOVE = YES;
				CLANG_WARN_UNGUARDED_AVAILABILITY = YES_AGGRESSIVE;
				CLANG_WARN_UNREACHABLE_CODE = YES;
				CLANG_WARN__DUPLICATE_METHOD_MATCH = YES;
				COPY_PHASE_STRIP = NO;
				DEBUG_INFORMATION_FORMAT = "dwarf-with-dsym";
				ENABLE_NS_ASSERTIONS = NO;
				ENABLE_STRICT_OBJC_MSGSEND = YES;
				GCC_C_LANGUAGE_STANDARD = gnu11;
				GCC_NO_COMMON_BLOCKS = YES;
				GCC_WARN_64_TO_32_BIT_CONVERSION = YES;
				GCC_WARN_ABOUT_RETURN_TYPE = YES_ERROR;
				GCC_WARN_UNDECLARED_SELECTOR = YES;
				GCC_WARN_UNINITIALIZED_AUTOS = YES_AGGRESSIVE;
				GCC_WARN_UNUSED_FUNCTION = YES;
				GCC_WARN_UNUSED_VARIABLE = YES;
				IPHONEOS_DEPLOYMENT_TARGET = 13.0;
				MTL_ENABLE_DEBUG_INFO = NO;
				MTL_FAST_MATH = YES;
				SDKROOT = iphoneos;
				SWIFT_COMPILATION_MODE = wholemodule;
				SWIFT_OPTIMIZATION_LEVEL = "-O";
				VALIDATE_PRODUCT = YES;
			};
			name = Release;
		};
		126FC85224292922008600D4 /* Debug */ = {
			isa = XCBuildConfiguration;
			baseConfigurationReference = B262438C5D81DEC456057D1C /* Pods-CultivateMVP.debug.xcconfig */;
			buildSettings = {
				ALWAYS_EMBED_SWIFT_STANDARD_LIBRARIES = YES;
				ASSETCATALOG_COMPILER_APPICON_NAME = AppIcon;
				CODE_SIGN_STYLE = Automatic;
				DEVELOPMENT_TEAM = V9UM7VLDXC;
				INFOPLIST_FILE = CultivateMVP/Info.plist;
				IPHONEOS_DEPLOYMENT_TARGET = 14.2;
				LD_RUNPATH_SEARCH_PATHS = (
					"$(inherited)",
					"@executable_path/Frameworks",
				);
				PRODUCT_BUNDLE_IDENTIFIER = "Taylor-Lindsay.CultivateMVP";
				PRODUCT_NAME = "$(TARGET_NAME)";
				SWIFT_VERSION = 5.0;
				TARGETED_DEVICE_FAMILY = "1,2";
			};
			name = Debug;
		};
		126FC85324292922008600D4 /* Release */ = {
			isa = XCBuildConfiguration;
			baseConfigurationReference = F969DC2D5FC692DA13F856DF /* Pods-CultivateMVP.release.xcconfig */;
			buildSettings = {
				ALWAYS_EMBED_SWIFT_STANDARD_LIBRARIES = YES;
				ASSETCATALOG_COMPILER_APPICON_NAME = AppIcon;
				CODE_SIGN_STYLE = Automatic;
				DEVELOPMENT_TEAM = V9UM7VLDXC;
				INFOPLIST_FILE = CultivateMVP/Info.plist;
				IPHONEOS_DEPLOYMENT_TARGET = 14.2;
				LD_RUNPATH_SEARCH_PATHS = (
					"$(inherited)",
					"@executable_path/Frameworks",
				);
				PRODUCT_BUNDLE_IDENTIFIER = "Taylor-Lindsay.CultivateMVP";
				PRODUCT_NAME = "$(TARGET_NAME)";
				SWIFT_VERSION = 5.0;
				TARGETED_DEVICE_FAMILY = "1,2";
			};
			name = Release;
		};
		126FC85524292922008600D4 /* Debug */ = {
			isa = XCBuildConfiguration;
			baseConfigurationReference = FE61B78FEC87CD618A4A966F /* Pods-CultivateMVPTests.debug.xcconfig */;
			buildSettings = {
				BUNDLE_LOADER = "$(TEST_HOST)";
				CODE_SIGN_STYLE = Automatic;
				DEVELOPMENT_TEAM = V9UM7VLDXC;
				INFOPLIST_FILE = CultivateMVPTests/Info.plist;
				IPHONEOS_DEPLOYMENT_TARGET = 13.2;
				LD_RUNPATH_SEARCH_PATHS = (
					"$(inherited)",
					"@executable_path/Frameworks",
					"@loader_path/Frameworks",
				);
				PRODUCT_BUNDLE_IDENTIFIER = "Taylor-Lindsay.CultivateMVPTests";
				PRODUCT_NAME = "$(TARGET_NAME)";
				SWIFT_VERSION = 5.0;
				TARGETED_DEVICE_FAMILY = "1,2";
				TEST_HOST = "$(BUILT_PRODUCTS_DIR)/CultivateMVP.app/CultivateMVP";
			};
			name = Debug;
		};
		126FC85624292922008600D4 /* Release */ = {
			isa = XCBuildConfiguration;
			baseConfigurationReference = AC92723F1CF0CD2378C37B4D /* Pods-CultivateMVPTests.release.xcconfig */;
			buildSettings = {
				BUNDLE_LOADER = "$(TEST_HOST)";
				CODE_SIGN_STYLE = Automatic;
				DEVELOPMENT_TEAM = V9UM7VLDXC;
				INFOPLIST_FILE = CultivateMVPTests/Info.plist;
				IPHONEOS_DEPLOYMENT_TARGET = 13.2;
				LD_RUNPATH_SEARCH_PATHS = (
					"$(inherited)",
					"@executable_path/Frameworks",
					"@loader_path/Frameworks",
				);
				PRODUCT_BUNDLE_IDENTIFIER = "Taylor-Lindsay.CultivateMVPTests";
				PRODUCT_NAME = "$(TARGET_NAME)";
				SWIFT_VERSION = 5.0;
				TARGETED_DEVICE_FAMILY = "1,2";
				TEST_HOST = "$(BUILT_PRODUCTS_DIR)/CultivateMVP.app/CultivateMVP";
			};
			name = Release;
		};
		1281DDBC2575211900D5C710 /* Debug */ = {
			isa = XCBuildConfiguration;
			buildSettings = {
				CODE_SIGN_STYLE = Automatic;
				CURRENT_PROJECT_VERSION = 1;
				DEFINES_MODULE = YES;
				DEVELOPMENT_TEAM = V9UM7VLDXC;
				DYLIB_COMPATIBILITY_VERSION = 1;
				DYLIB_CURRENT_VERSION = 1;
				DYLIB_INSTALL_NAME_BASE = "@rpath";
				INFOPLIST_FILE = JournalingModule/Info.plist;
				INSTALL_PATH = "$(LOCAL_LIBRARY_DIR)/Frameworks";
				IPHONEOS_DEPLOYMENT_TARGET = 14.2;
				LD_RUNPATH_SEARCH_PATHS = (
					"$(inherited)",
					"@executable_path/Frameworks",
					"@loader_path/Frameworks",
				);
				PRODUCT_BUNDLE_IDENTIFIER = com.tl.JournalingModule;
				PRODUCT_NAME = "$(TARGET_NAME:c99extidentifier)";
				SKIP_INSTALL = YES;
				SWIFT_VERSION = 5.0;
				TARGETED_DEVICE_FAMILY = "1,2";
				VERSIONING_SYSTEM = "apple-generic";
				VERSION_INFO_PREFIX = "";
			};
			name = Debug;
		};
		1281DDBD2575211900D5C710 /* Release */ = {
			isa = XCBuildConfiguration;
			buildSettings = {
				CODE_SIGN_STYLE = Automatic;
				CURRENT_PROJECT_VERSION = 1;
				DEFINES_MODULE = YES;
				DEVELOPMENT_TEAM = V9UM7VLDXC;
				DYLIB_COMPATIBILITY_VERSION = 1;
				DYLIB_CURRENT_VERSION = 1;
				DYLIB_INSTALL_NAME_BASE = "@rpath";
				INFOPLIST_FILE = JournalingModule/Info.plist;
				INSTALL_PATH = "$(LOCAL_LIBRARY_DIR)/Frameworks";
				IPHONEOS_DEPLOYMENT_TARGET = 14.2;
				LD_RUNPATH_SEARCH_PATHS = (
					"$(inherited)",
					"@executable_path/Frameworks",
					"@loader_path/Frameworks",
				);
				PRODUCT_BUNDLE_IDENTIFIER = com.tl.JournalingModule;
				PRODUCT_NAME = "$(TARGET_NAME:c99extidentifier)";
				SKIP_INSTALL = YES;
				SWIFT_VERSION = 5.0;
				TARGETED_DEVICE_FAMILY = "1,2";
				VERSIONING_SYSTEM = "apple-generic";
				VERSION_INFO_PREFIX = "";
			};
			name = Release;
		};
		1281DDC02575211900D5C710 /* Debug */ = {
			isa = XCBuildConfiguration;
			buildSettings = {
				ALWAYS_EMBED_SWIFT_STANDARD_LIBRARIES = YES;
				CODE_SIGN_STYLE = Automatic;
				INFOPLIST_FILE = JournalingModuleTests/Info.plist;
				IPHONEOS_DEPLOYMENT_TARGET = 14.2;
				LD_RUNPATH_SEARCH_PATHS = (
					"$(inherited)",
					"@executable_path/Frameworks",
					"@loader_path/Frameworks",
				);
				PRODUCT_BUNDLE_IDENTIFIER = com.tl.JournalingModuleTests;
				PRODUCT_NAME = "$(TARGET_NAME)";
				SWIFT_VERSION = 5.0;
				TARGETED_DEVICE_FAMILY = "1,2";
			};
			name = Debug;
		};
		1281DDC12575211900D5C710 /* Release */ = {
			isa = XCBuildConfiguration;
			buildSettings = {
				ALWAYS_EMBED_SWIFT_STANDARD_LIBRARIES = YES;
				CODE_SIGN_STYLE = Automatic;
				INFOPLIST_FILE = JournalingModuleTests/Info.plist;
				IPHONEOS_DEPLOYMENT_TARGET = 14.2;
				LD_RUNPATH_SEARCH_PATHS = (
					"$(inherited)",
					"@executable_path/Frameworks",
					"@loader_path/Frameworks",
				);
				PRODUCT_BUNDLE_IDENTIFIER = com.tl.JournalingModuleTests;
				PRODUCT_NAME = "$(TARGET_NAME)";
				SWIFT_VERSION = 5.0;
				TARGETED_DEVICE_FAMILY = "1,2";
			};
			name = Release;
		};
		1281DDFC257523F700D5C710 /* Debug */ = {
			isa = XCBuildConfiguration;
			buildSettings = {
				CODE_SIGN_STYLE = Automatic;
				CURRENT_PROJECT_VERSION = 1;
				DEFINES_MODULE = YES;
				DEVELOPMENT_TEAM = V9UM7VLDXC;
				DYLIB_COMPATIBILITY_VERSION = 1;
				DYLIB_CURRENT_VERSION = 1;
				DYLIB_INSTALL_NAME_BASE = "@rpath";
				INFOPLIST_FILE = BedrockModels/Info.plist;
				INSTALL_PATH = "$(LOCAL_LIBRARY_DIR)/Frameworks";
				IPHONEOS_DEPLOYMENT_TARGET = 14.2;
				LD_RUNPATH_SEARCH_PATHS = (
					"$(inherited)",
					"@executable_path/Frameworks",
					"@loader_path/Frameworks",
				);
				PRODUCT_BUNDLE_IDENTIFIER = com.tl.BedrockModels;
				PRODUCT_NAME = "$(TARGET_NAME:c99extidentifier)";
				SKIP_INSTALL = YES;
				SWIFT_VERSION = 5.0;
				TARGETED_DEVICE_FAMILY = "1,2";
				VERSIONING_SYSTEM = "apple-generic";
				VERSION_INFO_PREFIX = "";
			};
			name = Debug;
		};
		1281DDFD257523F700D5C710 /* Release */ = {
			isa = XCBuildConfiguration;
			buildSettings = {
				CODE_SIGN_STYLE = Automatic;
				CURRENT_PROJECT_VERSION = 1;
				DEFINES_MODULE = YES;
				DEVELOPMENT_TEAM = V9UM7VLDXC;
				DYLIB_COMPATIBILITY_VERSION = 1;
				DYLIB_CURRENT_VERSION = 1;
				DYLIB_INSTALL_NAME_BASE = "@rpath";
				INFOPLIST_FILE = BedrockModels/Info.plist;
				INSTALL_PATH = "$(LOCAL_LIBRARY_DIR)/Frameworks";
				IPHONEOS_DEPLOYMENT_TARGET = 14.2;
				LD_RUNPATH_SEARCH_PATHS = (
					"$(inherited)",
					"@executable_path/Frameworks",
					"@loader_path/Frameworks",
				);
				PRODUCT_BUNDLE_IDENTIFIER = com.tl.BedrockModels;
				PRODUCT_NAME = "$(TARGET_NAME:c99extidentifier)";
				SKIP_INSTALL = YES;
				SWIFT_VERSION = 5.0;
				TARGETED_DEVICE_FAMILY = "1,2";
				VERSIONING_SYSTEM = "apple-generic";
				VERSION_INFO_PREFIX = "";
			};
			name = Release;
		};
		12AC5064257A7C17001FD962 /* Debug */ = {
			isa = XCBuildConfiguration;
			buildSettings = {
				CODE_SIGN_STYLE = Automatic;
				CURRENT_PROJECT_VERSION = 1;
				DEFINES_MODULE = YES;
				DEVELOPMENT_TEAM = V9UM7VLDXC;
				DYLIB_COMPATIBILITY_VERSION = 1;
				DYLIB_CURRENT_VERSION = 1;
				DYLIB_INSTALL_NAME_BASE = "@rpath";
				INFOPLIST_FILE = EntryHistoryModule/Info.plist;
				INSTALL_PATH = "$(LOCAL_LIBRARY_DIR)/Frameworks";
				IPHONEOS_DEPLOYMENT_TARGET = 14.2;
				LD_RUNPATH_SEARCH_PATHS = (
					"$(inherited)",
					"@executable_path/Frameworks",
					"@loader_path/Frameworks",
				);
				PRODUCT_BUNDLE_IDENTIFIER = com.tl.EntryHistoryModule;
				PRODUCT_NAME = "$(TARGET_NAME:c99extidentifier)";
				SKIP_INSTALL = YES;
				SWIFT_VERSION = 5.0;
				TARGETED_DEVICE_FAMILY = "1,2";
				VERSIONING_SYSTEM = "apple-generic";
				VERSION_INFO_PREFIX = "";
			};
			name = Debug;
		};
		12AC5065257A7C17001FD962 /* Release */ = {
			isa = XCBuildConfiguration;
			buildSettings = {
				CODE_SIGN_STYLE = Automatic;
				CURRENT_PROJECT_VERSION = 1;
				DEFINES_MODULE = YES;
				DEVELOPMENT_TEAM = V9UM7VLDXC;
				DYLIB_COMPATIBILITY_VERSION = 1;
				DYLIB_CURRENT_VERSION = 1;
				DYLIB_INSTALL_NAME_BASE = "@rpath";
				INFOPLIST_FILE = EntryHistoryModule/Info.plist;
				INSTALL_PATH = "$(LOCAL_LIBRARY_DIR)/Frameworks";
				IPHONEOS_DEPLOYMENT_TARGET = 14.2;
				LD_RUNPATH_SEARCH_PATHS = (
					"$(inherited)",
					"@executable_path/Frameworks",
					"@loader_path/Frameworks",
				);
				PRODUCT_BUNDLE_IDENTIFIER = com.tl.EntryHistoryModule;
				PRODUCT_NAME = "$(TARGET_NAME:c99extidentifier)";
				SKIP_INSTALL = YES;
				SWIFT_VERSION = 5.0;
				TARGETED_DEVICE_FAMILY = "1,2";
				VERSIONING_SYSTEM = "apple-generic";
				VERSION_INFO_PREFIX = "";
			};
			name = Release;
		};
		12AC5066257A7C17001FD962 /* Debug */ = {
			isa = XCBuildConfiguration;
			buildSettings = {
				ALWAYS_EMBED_SWIFT_STANDARD_LIBRARIES = YES;
				CODE_SIGN_STYLE = Automatic;
				INFOPLIST_FILE = EntryHistoryModuleTests/Info.plist;
				IPHONEOS_DEPLOYMENT_TARGET = 14.2;
				LD_RUNPATH_SEARCH_PATHS = (
					"$(inherited)",
					"@executable_path/Frameworks",
					"@loader_path/Frameworks",
				);
				PRODUCT_BUNDLE_IDENTIFIER = com.tl.EntryHistoryModuleTests;
				PRODUCT_NAME = "$(TARGET_NAME)";
				SWIFT_VERSION = 5.0;
				TARGETED_DEVICE_FAMILY = "1,2";
			};
			name = Debug;
		};
		12AC5067257A7C17001FD962 /* Release */ = {
			isa = XCBuildConfiguration;
			buildSettings = {
				ALWAYS_EMBED_SWIFT_STANDARD_LIBRARIES = YES;
				CODE_SIGN_STYLE = Automatic;
				INFOPLIST_FILE = EntryHistoryModuleTests/Info.plist;
				IPHONEOS_DEPLOYMENT_TARGET = 14.2;
				LD_RUNPATH_SEARCH_PATHS = (
					"$(inherited)",
					"@executable_path/Frameworks",
					"@loader_path/Frameworks",
				);
				PRODUCT_BUNDLE_IDENTIFIER = com.tl.EntryHistoryModuleTests;
				PRODUCT_NAME = "$(TARGET_NAME)";
				SWIFT_VERSION = 5.0;
				TARGETED_DEVICE_FAMILY = "1,2";
			};
			name = Release;
		};
/* End XCBuildConfiguration section */

/* Begin XCConfigurationList section */
		1231CF8C2576640200A86633 /* Build configuration list for PBXNativeTarget "DesignKit" */ = {
			isa = XCConfigurationList;
			buildConfigurations = (
				1231CF8D2576640200A86633 /* Debug */,
				1231CF8E2576640200A86633 /* Release */,
			);
			defaultConfigurationIsVisible = 0;
			defaultConfigurationName = Release;
		};
		124568E326A6B4DB00BF107D /* Build configuration list for PBXNativeTarget "SavingServiceKit" */ = {
			isa = XCConfigurationList;
			buildConfigurations = (
				124568E426A6B4DB00BF107D /* Debug */,
				124568E526A6B4DB00BF107D /* Release */,
			);
			defaultConfigurationIsVisible = 0;
			defaultConfigurationName = Release;
		};
		126FC82D24292921008600D4 /* Build configuration list for PBXProject "CultivateMVP" */ = {
			isa = XCConfigurationList;
			buildConfigurations = (
				126FC84F24292922008600D4 /* Debug */,
				126FC85024292922008600D4 /* Release */,
			);
			defaultConfigurationIsVisible = 0;
			defaultConfigurationName = Release;
		};
		126FC85124292922008600D4 /* Build configuration list for PBXNativeTarget "CultivateMVP" */ = {
			isa = XCConfigurationList;
			buildConfigurations = (
				126FC85224292922008600D4 /* Debug */,
				126FC85324292922008600D4 /* Release */,
			);
			defaultConfigurationIsVisible = 0;
			defaultConfigurationName = Release;
		};
		126FC85424292922008600D4 /* Build configuration list for PBXNativeTarget "CultivateMVPTests" */ = {
			isa = XCConfigurationList;
			buildConfigurations = (
				126FC85524292922008600D4 /* Debug */,
				126FC85624292922008600D4 /* Release */,
			);
			defaultConfigurationIsVisible = 0;
			defaultConfigurationName = Release;
		};
		1281DDBB2575211900D5C710 /* Build configuration list for PBXNativeTarget "JournalingModule" */ = {
			isa = XCConfigurationList;
			buildConfigurations = (
				1281DDBC2575211900D5C710 /* Debug */,
				1281DDBD2575211900D5C710 /* Release */,
			);
			defaultConfigurationIsVisible = 0;
			defaultConfigurationName = Release;
		};
		1281DDBF2575211900D5C710 /* Build configuration list for PBXNativeTarget "JournalingModuleTests" */ = {
			isa = XCConfigurationList;
			buildConfigurations = (
				1281DDC02575211900D5C710 /* Debug */,
				1281DDC12575211900D5C710 /* Release */,
			);
			defaultConfigurationIsVisible = 0;
			defaultConfigurationName = Release;
		};
		1281DDFB257523F700D5C710 /* Build configuration list for PBXNativeTarget "BedrockModels" */ = {
			isa = XCConfigurationList;
			buildConfigurations = (
				1281DDFC257523F700D5C710 /* Debug */,
				1281DDFD257523F700D5C710 /* Release */,
			);
			defaultConfigurationIsVisible = 0;
			defaultConfigurationName = Release;
		};
		12AC5068257A7C17001FD962 /* Build configuration list for PBXNativeTarget "EntryHistoryModule" */ = {
			isa = XCConfigurationList;
			buildConfigurations = (
				12AC5064257A7C17001FD962 /* Debug */,
				12AC5065257A7C17001FD962 /* Release */,
			);
			defaultConfigurationIsVisible = 0;
			defaultConfigurationName = Release;
		};
		12AC5069257A7C17001FD962 /* Build configuration list for PBXNativeTarget "EntryHistoryModuleTests" */ = {
			isa = XCConfigurationList;
			buildConfigurations = (
				12AC5066257A7C17001FD962 /* Debug */,
				12AC5067257A7C17001FD962 /* Release */,
			);
			defaultConfigurationIsVisible = 0;
			defaultConfigurationName = Release;
		};
/* End XCConfigurationList section */

/* Begin XCRemoteSwiftPackageReference section */
		1281DD9A2575203500D5C710 /* XCRemoteSwiftPackageReference "swift-composable-architecture" */ = {
			isa = XCRemoteSwiftPackageReference;
			repositoryURL = "https://github.com/pointfreeco/swift-composable-architecture";
			requirement = {
				kind = upToNextMajorVersion;
				minimumVersion = 0.9.0;
			};
		};
/* End XCRemoteSwiftPackageReference section */

/* Begin XCSwiftPackageProductDependency section */
		1281DE6A25752C6F00D5C710 /* ComposableArchitecture */ = {
			isa = XCSwiftPackageProductDependency;
			package = 1281DD9A2575203500D5C710 /* XCRemoteSwiftPackageReference "swift-composable-architecture" */;
			productName = ComposableArchitecture;
		};
/* End XCSwiftPackageProductDependency section */
	};
	rootObject = 126FC82A24292921008600D4 /* Project object */;
}
